// !$*UTF8*$!
{
	archiveVersion = 1;
	classes = {
	};
	objectVersion = 46;
	objects = {

/* Begin PBXBuildFile section */
		D0107937183C738F00120B57 /* OptionPane.xib in Resources */ = {isa = PBXBuildFile; fileRef = D07AF47A1836581E00913067 /* OptionPane.xib */; };
		D0107938183C738F00120B57 /* Preferences.xib in Resources */ = {isa = PBXBuildFile; fileRef = D07AF47C1836581E00913067 /* Preferences.xib */; };
		D0107939183C738F00120B57 /* TidyDocument.xib in Resources */ = {isa = PBXBuildFile; fileRef = D07AF47E1836581E00913067 /* TidyDocument.xib */; };
		D0120B57183CCAB3003CA182 /* Localizable.strings in Resources */ = {isa = PBXBuildFile; fileRef = D0120B55183CCAB3003CA182 /* Localizable.strings */; };
		D016A92A182FD80700712C60 /* Cocoa.framework in Frameworks */ = {isa = PBXBuildFile; fileRef = D016A929182FD80700712C60 /* Cocoa.framework */; };
		D016A936182FD80700712C60 /* main.m in Sources */ = {isa = PBXBuildFile; fileRef = D016A935182FD80700712C60 /* main.m */; };
		D016A945182FD80700712C60 /* Images.xcassets in Resources */ = {isa = PBXBuildFile; fileRef = D016A944182FD80700712C60 /* Images.xcassets */; };
		D01AED8518476F6B001300E3 /* Credits.rtf in Resources */ = {isa = PBXBuildFile; fileRef = D01AED8318476F6B001300E3 /* Credits.rtf */; };
		D02B30CA184EC4FF00A60556 /* HTML.icns in Resources */ = {isa = PBXBuildFile; fileRef = D02B30C9184EC4FF00A60556 /* HTML.icns */; };
		D02B30CE184ED25100A60556 /* PHP.icns in Resources */ = {isa = PBXBuildFile; fileRef = D02B30CC184ED25100A60556 /* PHP.icns */; };
		D06626CF18B09B330091CBD8 /* Sparkle.framework in Frameworks */ = {isa = PBXBuildFile; fileRef = D06626CE18B09B330091CBD8 /* Sparkle.framework */; };
		D06626D118B09BEA0091CBD8 /* Sparkle.framework in Copy Files */ = {isa = PBXBuildFile; fileRef = D06626CE18B09B330091CBD8 /* Sparkle.framework */; };
		D08A7C9418D442FF00341DCB /* optionsInEffect.txt in Resources */ = {isa = PBXBuildFile; fileRef = D08A7C9218D442FF00341DCB /* optionsInEffect.txt */; };
		D08A7C9518D442FF00341DCB /* optionsInEffect.txt in Resources */ = {isa = PBXBuildFile; fileRef = D08A7C9218D442FF00341DCB /* optionsInEffect.txt */; };
		D08A7C9A18D443D900341DCB /* InfoPlist.strings in Resources */ = {isa = PBXBuildFile; fileRef = D08A7C9818D443D900341DCB /* InfoPlist.strings */; };
		D08A7C9B18D443D900341DCB /* InfoPlist.strings in Resources */ = {isa = PBXBuildFile; fileRef = D08A7C9818D443D900341DCB /* InfoPlist.strings */; };
		D0913CAF18B0AC06005DB2E4 /* main.m in Sources */ = {isa = PBXBuildFile; fileRef = D016A935182FD80700712C60 /* main.m */; };
		D0913CC918B0AC06005DB2E4 /* Cocoa.framework in Frameworks */ = {isa = PBXBuildFile; fileRef = D016A929182FD80700712C60 /* Cocoa.framework */; };
		D0913CCC18B0AC06005DB2E4 /* HTML.icns in Resources */ = {isa = PBXBuildFile; fileRef = D02B30C9184EC4FF00A60556 /* HTML.icns */; };
		D0913CCE18B0AC06005DB2E4 /* OptionPane.xib in Resources */ = {isa = PBXBuildFile; fileRef = D07AF47A1836581E00913067 /* OptionPane.xib */; };
		D0913CCF18B0AC06005DB2E4 /* Preferences.xib in Resources */ = {isa = PBXBuildFile; fileRef = D07AF47C1836581E00913067 /* Preferences.xib */; };
		D0913CD018B0AC06005DB2E4 /* PHP.icns in Resources */ = {isa = PBXBuildFile; fileRef = D02B30CC184ED25100A60556 /* PHP.icns */; };
		D0913CD118B0AC06005DB2E4 /* TidyDocument.xib in Resources */ = {isa = PBXBuildFile; fileRef = D07AF47E1836581E00913067 /* TidyDocument.xib */; };
		D0913CD218B0AC06005DB2E4 /* Images.xcassets in Resources */ = {isa = PBXBuildFile; fileRef = D016A944182FD80700712C60 /* Images.xcassets */; };
		D0913CD318B0AC06005DB2E4 /* Localizable.strings in Resources */ = {isa = PBXBuildFile; fileRef = D0120B55183CCAB3003CA182 /* Localizable.strings */; };
		D0913CD618B0AC06005DB2E4 /* Credits.rtf in Resources */ = {isa = PBXBuildFile; fileRef = D01AED8318476F6B001300E3 /* Credits.rtf */; };
		D0913CD718B0AC06005DB2E4 /* MainMenu.xib in Resources */ = {isa = PBXBuildFile; fileRef = D0D3BEB6183C87C500692225 /* MainMenu.xib */; };
		D0CCEE2918E9967B0052E56C /* Balthisar Tidy.help in Resources */ = {isa = PBXBuildFile; fileRef = D0CCEE2818E9967B0052E56C /* Balthisar Tidy.help */; };
		D0CCEE2A18E9967B0052E56C /* Balthisar Tidy.help in Resources */ = {isa = PBXBuildFile; fileRef = D0CCEE2818E9967B0052E56C /* Balthisar Tidy.help */; };
		D0D3BEB8183C87C500692225 /* MainMenu.xib in Resources */ = {isa = PBXBuildFile; fileRef = D0D3BEB6183C87C500692225 /* MainMenu.xib */; };
		D0D9ED2B18E66810008A55D5 /* AppController.m in Sources */ = {isa = PBXBuildFile; fileRef = D0D9EAC218E6680F008A55D5 /* AppController.m */; };
		D0D9ED2C18E66810008A55D5 /* AppController.m in Sources */ = {isa = PBXBuildFile; fileRef = D0D9EAC218E6680F008A55D5 /* AppController.m */; };
		D0D9ED2D18E66810008A55D5 /* OptionPaneController.m in Sources */ = {isa = PBXBuildFile; fileRef = D0D9EAC418E6680F008A55D5 /* OptionPaneController.m */; };
		D0D9ED2E18E66810008A55D5 /* OptionPaneController.m in Sources */ = {isa = PBXBuildFile; fileRef = D0D9EAC418E6680F008A55D5 /* OptionPaneController.m */; };
		D0D9ED2F18E66810008A55D5 /* PreferenceController.m in Sources */ = {isa = PBXBuildFile; fileRef = D0D9EAC618E6680F008A55D5 /* PreferenceController.m */; };
		D0D9ED3018E66810008A55D5 /* PreferenceController.m in Sources */ = {isa = PBXBuildFile; fileRef = D0D9EAC618E6680F008A55D5 /* PreferenceController.m */; };
		D0D9ED3118E66810008A55D5 /* TidyDocument.m in Sources */ = {isa = PBXBuildFile; fileRef = D0D9EAC818E6680F008A55D5 /* TidyDocument.m */; };
		D0D9ED3218E66810008A55D5 /* TidyDocument.m in Sources */ = {isa = PBXBuildFile; fileRef = D0D9EAC818E6680F008A55D5 /* TidyDocument.m */; };
		D0D9ED3318E66810008A55D5 /* JSDTidyModel.m in Sources */ = {isa = PBXBuildFile; fileRef = D0D9EACB18E6680F008A55D5 /* JSDTidyModel.m */; };
		D0D9ED3418E66810008A55D5 /* JSDTidyModel.m in Sources */ = {isa = PBXBuildFile; fileRef = D0D9EACB18E6680F008A55D5 /* JSDTidyModel.m */; };
		D0D9ED3718E66810008A55D5 /* JSDTidyOption.m in Sources */ = {isa = PBXBuildFile; fileRef = D0D9EACE18E6680F008A55D5 /* JSDTidyOption.m */; };
		D0D9ED3818E66810008A55D5 /* JSDTidyOption.m in Sources */ = {isa = PBXBuildFile; fileRef = D0D9EACE18E6680F008A55D5 /* JSDTidyOption.m */; };
		D0D9ED3918E66810008A55D5 /* JSDTextField.m in Sources */ = {isa = PBXBuildFile; fileRef = D0D9EAD118E6680F008A55D5 /* JSDTextField.m */; };
		D0D9ED3A18E66810008A55D5 /* JSDTextField.m in Sources */ = {isa = PBXBuildFile; fileRef = D0D9EAD118E6680F008A55D5 /* JSDTextField.m */; };
		D0D9ED3B18E66810008A55D5 /* NoodleLineNumberMarker.m in Sources */ = {isa = PBXBuildFile; fileRef = D0D9EAD318E6680F008A55D5 /* NoodleLineNumberMarker.m */; };
		D0D9ED3C18E66810008A55D5 /* NoodleLineNumberMarker.m in Sources */ = {isa = PBXBuildFile; fileRef = D0D9EAD318E6680F008A55D5 /* NoodleLineNumberMarker.m */; };
		D0D9ED3D18E66810008A55D5 /* NoodleLineNumberView.m in Sources */ = {isa = PBXBuildFile; fileRef = D0D9EAD518E6680F008A55D5 /* NoodleLineNumberView.m */; };
		D0D9ED3E18E66810008A55D5 /* NoodleLineNumberView.m in Sources */ = {isa = PBXBuildFile; fileRef = D0D9EAD518E6680F008A55D5 /* NoodleLineNumberView.m */; };
		D0D9ED3F18E66810008A55D5 /* NSTextView+JSDExtensions.m in Sources */ = {isa = PBXBuildFile; fileRef = D0D9EAD718E6680F008A55D5 /* NSTextView+JSDExtensions.m */; };
		D0D9ED4018E66810008A55D5 /* NSTextView+JSDExtensions.m in Sources */ = {isa = PBXBuildFile; fileRef = D0D9EAD718E6680F008A55D5 /* NSTextView+JSDExtensions.m */; };
		D0D9ED4918E66810008A55D5 /* access.c in Sources */ = {isa = PBXBuildFile; fileRef = D0D9EAE818E6680F008A55D5 /* access.c */; };
		D0D9ED4A18E66810008A55D5 /* access.c in Sources */ = {isa = PBXBuildFile; fileRef = D0D9EAE818E6680F008A55D5 /* access.c */; };
		D0D9ED4B18E66810008A55D5 /* alloc.c in Sources */ = {isa = PBXBuildFile; fileRef = D0D9EAEA18E6680F008A55D5 /* alloc.c */; };
		D0D9ED4C18E66810008A55D5 /* alloc.c in Sources */ = {isa = PBXBuildFile; fileRef = D0D9EAEA18E6680F008A55D5 /* alloc.c */; };
		D0D9ED4D18E66810008A55D5 /* attrask.c in Sources */ = {isa = PBXBuildFile; fileRef = D0D9EAEB18E6680F008A55D5 /* attrask.c */; };
		D0D9ED4E18E66810008A55D5 /* attrask.c in Sources */ = {isa = PBXBuildFile; fileRef = D0D9EAEB18E6680F008A55D5 /* attrask.c */; };
		D0D9ED4F18E66810008A55D5 /* attrdict.c in Sources */ = {isa = PBXBuildFile; fileRef = D0D9EAEC18E6680F008A55D5 /* attrdict.c */; };
		D0D9ED5018E66810008A55D5 /* attrdict.c in Sources */ = {isa = PBXBuildFile; fileRef = D0D9EAEC18E6680F008A55D5 /* attrdict.c */; };
		D0D9ED5118E66810008A55D5 /* attrget.c in Sources */ = {isa = PBXBuildFile; fileRef = D0D9EAEE18E6680F008A55D5 /* attrget.c */; };
		D0D9ED5218E66810008A55D5 /* attrget.c in Sources */ = {isa = PBXBuildFile; fileRef = D0D9EAEE18E6680F008A55D5 /* attrget.c */; };
		D0D9ED5318E66810008A55D5 /* attrs.c in Sources */ = {isa = PBXBuildFile; fileRef = D0D9EAEF18E6680F008A55D5 /* attrs.c */; };
		D0D9ED5418E66810008A55D5 /* attrs.c in Sources */ = {isa = PBXBuildFile; fileRef = D0D9EAEF18E6680F008A55D5 /* attrs.c */; };
		D0D9ED5518E66810008A55D5 /* buffio.c in Sources */ = {isa = PBXBuildFile; fileRef = D0D9EAF118E6680F008A55D5 /* buffio.c */; };
		D0D9ED5618E66810008A55D5 /* buffio.c in Sources */ = {isa = PBXBuildFile; fileRef = D0D9EAF118E6680F008A55D5 /* buffio.c */; };
		D0D9ED5718E66810008A55D5 /* charsets.c in Sources */ = {isa = PBXBuildFile; fileRef = D0D9EAF218E6680F008A55D5 /* charsets.c */; };
		D0D9ED5818E66810008A55D5 /* charsets.c in Sources */ = {isa = PBXBuildFile; fileRef = D0D9EAF218E6680F008A55D5 /* charsets.c */; };
		D0D9ED5918E66810008A55D5 /* clean.c in Sources */ = {isa = PBXBuildFile; fileRef = D0D9EAF418E6680F008A55D5 /* clean.c */; };
		D0D9ED5A18E66810008A55D5 /* clean.c in Sources */ = {isa = PBXBuildFile; fileRef = D0D9EAF418E6680F008A55D5 /* clean.c */; };
		D0D9ED5B18E66810008A55D5 /* config.c in Sources */ = {isa = PBXBuildFile; fileRef = D0D9EAF618E6680F008A55D5 /* config.c */; };
		D0D9ED5C18E66810008A55D5 /* config.c in Sources */ = {isa = PBXBuildFile; fileRef = D0D9EAF618E6680F008A55D5 /* config.c */; };
		D0D9ED5D18E66810008A55D5 /* entities.c in Sources */ = {isa = PBXBuildFile; fileRef = D0D9EAF818E6680F008A55D5 /* entities.c */; };
		D0D9ED5E18E66810008A55D5 /* entities.c in Sources */ = {isa = PBXBuildFile; fileRef = D0D9EAF818E6680F008A55D5 /* entities.c */; };
		D0D9ED5F18E66810008A55D5 /* fileio.c in Sources */ = {isa = PBXBuildFile; fileRef = D0D9EAFA18E6680F008A55D5 /* fileio.c */; };
		D0D9ED6018E66810008A55D5 /* fileio.c in Sources */ = {isa = PBXBuildFile; fileRef = D0D9EAFA18E6680F008A55D5 /* fileio.c */; };
		D0D9ED6118E66810008A55D5 /* gdoc.c in Sources */ = {isa = PBXBuildFile; fileRef = D0D9EAFD18E6680F008A55D5 /* gdoc.c */; };
		D0D9ED6218E66810008A55D5 /* gdoc.c in Sources */ = {isa = PBXBuildFile; fileRef = D0D9EAFD18E6680F008A55D5 /* gdoc.c */; };
		D0D9ED6318E66810008A55D5 /* iconvtc.c in Sources */ = {isa = PBXBuildFile; fileRef = D0D9EAFF18E6680F008A55D5 /* iconvtc.c */; };
		D0D9ED6418E66810008A55D5 /* iconvtc.c in Sources */ = {isa = PBXBuildFile; fileRef = D0D9EAFF18E6680F008A55D5 /* iconvtc.c */; };
		D0D9ED6518E66810008A55D5 /* istack.c in Sources */ = {isa = PBXBuildFile; fileRef = D0D9EB0118E6680F008A55D5 /* istack.c */; };
		D0D9ED6618E66810008A55D5 /* istack.c in Sources */ = {isa = PBXBuildFile; fileRef = D0D9EB0118E6680F008A55D5 /* istack.c */; };
		D0D9ED6718E66810008A55D5 /* lexer.c in Sources */ = {isa = PBXBuildFile; fileRef = D0D9EB0218E6680F008A55D5 /* lexer.c */; };
		D0D9ED6818E66810008A55D5 /* lexer.c in Sources */ = {isa = PBXBuildFile; fileRef = D0D9EB0218E6680F008A55D5 /* lexer.c */; };
		D0D9ED6918E66810008A55D5 /* localize.c in Sources */ = {isa = PBXBuildFile; fileRef = D0D9EB0418E6680F008A55D5 /* localize.c */; };
		D0D9ED6A18E66810008A55D5 /* localize.c in Sources */ = {isa = PBXBuildFile; fileRef = D0D9EB0418E6680F008A55D5 /* localize.c */; };
		D0D9ED6B18E66810008A55D5 /* mappedio.c in Sources */ = {isa = PBXBuildFile; fileRef = D0D9EB0518E6680F008A55D5 /* mappedio.c */; };
		D0D9ED6C18E66810008A55D5 /* mappedio.c in Sources */ = {isa = PBXBuildFile; fileRef = D0D9EB0518E6680F008A55D5 /* mappedio.c */; };
		D0D9ED6D18E66810008A55D5 /* parser.c in Sources */ = {isa = PBXBuildFile; fileRef = D0D9EB0818E6680F008A55D5 /* parser.c */; };
		D0D9ED6E18E66810008A55D5 /* parser.c in Sources */ = {isa = PBXBuildFile; fileRef = D0D9EB0818E6680F008A55D5 /* parser.c */; };
		D0D9ED6F18E66810008A55D5 /* pprint.c in Sources */ = {isa = PBXBuildFile; fileRef = D0D9EB0A18E6680F008A55D5 /* pprint.c */; };
		D0D9ED7018E66810008A55D5 /* pprint.c in Sources */ = {isa = PBXBuildFile; fileRef = D0D9EB0A18E6680F008A55D5 /* pprint.c */; };
		D0D9ED7118E66810008A55D5 /* streamio.c in Sources */ = {isa = PBXBuildFile; fileRef = D0D9EB0C18E6680F008A55D5 /* streamio.c */; };
		D0D9ED7218E66810008A55D5 /* streamio.c in Sources */ = {isa = PBXBuildFile; fileRef = D0D9EB0C18E6680F008A55D5 /* streamio.c */; };
		D0D9ED7318E66810008A55D5 /* tagask.c in Sources */ = {isa = PBXBuildFile; fileRef = D0D9EB0E18E6680F008A55D5 /* tagask.c */; };
		D0D9ED7418E66810008A55D5 /* tagask.c in Sources */ = {isa = PBXBuildFile; fileRef = D0D9EB0E18E6680F008A55D5 /* tagask.c */; };
		D0D9ED7518E66810008A55D5 /* tags.c in Sources */ = {isa = PBXBuildFile; fileRef = D0D9EB0F18E6680F008A55D5 /* tags.c */; };
		D0D9ED7618E66810008A55D5 /* tags.c in Sources */ = {isa = PBXBuildFile; fileRef = D0D9EB0F18E6680F008A55D5 /* tags.c */; };
		D0D9ED7718E66810008A55D5 /* tidylib.c in Sources */ = {isa = PBXBuildFile; fileRef = D0D9EB1218E6680F008A55D5 /* tidylib.c */; };
		D0D9ED7818E66810008A55D5 /* tidylib.c in Sources */ = {isa = PBXBuildFile; fileRef = D0D9EB1218E6680F008A55D5 /* tidylib.c */; };
		D0D9ED7918E66810008A55D5 /* tmbstr.c in Sources */ = {isa = PBXBuildFile; fileRef = D0D9EB1318E6680F008A55D5 /* tmbstr.c */; };
		D0D9ED7A18E66810008A55D5 /* tmbstr.c in Sources */ = {isa = PBXBuildFile; fileRef = D0D9EB1318E6680F008A55D5 /* tmbstr.c */; };
		D0D9ED7B18E66810008A55D5 /* utf8.c in Sources */ = {isa = PBXBuildFile; fileRef = D0D9EB1518E6680F008A55D5 /* utf8.c */; };
		D0D9ED7C18E66810008A55D5 /* utf8.c in Sources */ = {isa = PBXBuildFile; fileRef = D0D9EB1518E6680F008A55D5 /* utf8.c */; };
		D0D9ED7D18E66810008A55D5 /* win32tc.c in Sources */ = {isa = PBXBuildFile; fileRef = D0D9EB1818E6680F008A55D5 /* win32tc.c */; };
		D0D9ED7E18E66810008A55D5 /* win32tc.c in Sources */ = {isa = PBXBuildFile; fileRef = D0D9EB1818E6680F008A55D5 /* win32tc.c */; };
		D0D9F19B18E68D1E008A55D5 /* FirstRunHelper.xib in Resources */ = {isa = PBXBuildFile; fileRef = D0D9F19918E68D1E008A55D5 /* FirstRunHelper.xib */; };
		D0D9F19C18E68D1E008A55D5 /* FirstRunHelper.xib in Resources */ = {isa = PBXBuildFile; fileRef = D0D9F19918E68D1E008A55D5 /* FirstRunHelper.xib */; };
		D0D9F19F18E68DC6008A55D5 /* FirstRunController.m in Sources */ = {isa = PBXBuildFile; fileRef = D0D9F19E18E68DC6008A55D5 /* FirstRunController.m */; };
		D0D9F1A018E68DC6008A55D5 /* FirstRunController.m in Sources */ = {isa = PBXBuildFile; fileRef = D0D9F19E18E68DC6008A55D5 /* FirstRunController.m */; };
		D0D9F1A318E6BF8D008A55D5 /* JSDTableView.m in Sources */ = {isa = PBXBuildFile; fileRef = D0D9F1A218E6BF8D008A55D5 /* JSDTableView.m */; };
		D0D9F1A418E6BF8D008A55D5 /* JSDTableView.m in Sources */ = {isa = PBXBuildFile; fileRef = D0D9F1A218E6BF8D008A55D5 /* JSDTableView.m */; };
		D0D9F1A618E833DD008A55D5 /* XML.icns in Resources */ = {isa = PBXBuildFile; fileRef = D0D9F1A518E833DD008A55D5 /* XML.icns */; };
		D0D9F1A718E833DD008A55D5 /* XML.icns in Resources */ = {isa = PBXBuildFile; fileRef = D0D9F1A518E833DD008A55D5 /* XML.icns */; };
		D0D9F1A918E834AA008A55D5 /* Tidy.icns in Resources */ = {isa = PBXBuildFile; fileRef = D0D9F1A818E834AA008A55D5 /* Tidy.icns */; };
		D0D9F1AA18E834AA008A55D5 /* Tidy.icns in Resources */ = {isa = PBXBuildFile; fileRef = D0D9F1A818E834AA008A55D5 /* Tidy.icns */; };
/* End PBXBuildFile section */

/* Begin PBXCopyFilesBuildPhase section */
		D06626D018B09BD00091CBD8 /* Copy Files */ = {
			isa = PBXCopyFilesBuildPhase;
			buildActionMask = 2147483647;
			dstPath = "";
			dstSubfolderSpec = 10;
			files = (
				D06626D118B09BEA0091CBD8 /* Sparkle.framework in Copy Files */,
			);
			name = "Copy Files";
			runOnlyForDeploymentPostprocessing = 0;
		};
/* End PBXCopyFilesBuildPhase section */

/* Begin PBXFileReference section */
		D0120B56183CCAB3003CA182 /* Base */ = {isa = PBXFileReference; lastKnownFileType = text.plist.strings; name = Base; path = "balthisar tidy/Base.lproj/Localizable.strings"; sourceTree = SOURCE_ROOT; };
		D016A926182FD80700712C60 /* Balthisar Tidy.app */ = {isa = PBXFileReference; explicitFileType = wrapper.application; includeInIndex = 0; path = "Balthisar Tidy.app"; sourceTree = BUILT_PRODUCTS_DIR; };
		D016A929182FD80700712C60 /* Cocoa.framework */ = {isa = PBXFileReference; lastKnownFileType = wrapper.framework; name = Cocoa.framework; path = System/Library/Frameworks/Cocoa.framework; sourceTree = SDKROOT; };
		D016A92C182FD80700712C60 /* AppKit.framework */ = {isa = PBXFileReference; lastKnownFileType = wrapper.framework; name = AppKit.framework; path = System/Library/Frameworks/AppKit.framework; sourceTree = SDKROOT; };
		D016A92D182FD80700712C60 /* CoreData.framework */ = {isa = PBXFileReference; lastKnownFileType = wrapper.framework; name = CoreData.framework; path = System/Library/Frameworks/CoreData.framework; sourceTree = SDKROOT; };
		D016A92E182FD80700712C60 /* Foundation.framework */ = {isa = PBXFileReference; lastKnownFileType = wrapper.framework; name = Foundation.framework; path = System/Library/Frameworks/Foundation.framework; sourceTree = SDKROOT; };
		D016A931182FD80700712C60 /* Balthisar Tidy-Info.plist */ = {isa = PBXFileReference; lastKnownFileType = text.plist.xml; path = "Balthisar Tidy-Info.plist"; sourceTree = "<group>"; };
		D016A935182FD80700712C60 /* main.m */ = {isa = PBXFileReference; lastKnownFileType = sourcecode.c.objc; path = main.m; sourceTree = "<group>"; };
		D016A937182FD80700712C60 /* Balthisar Tidy-Prefix.pch */ = {isa = PBXFileReference; lastKnownFileType = sourcecode.c.h; path = "Balthisar Tidy-Prefix.pch"; sourceTree = "<group>"; };
		D016A944182FD80700712C60 /* Images.xcassets */ = {isa = PBXFileReference; lastKnownFileType = folder.assetcatalog; path = Images.xcassets; sourceTree = "<group>"; };
		D016A94B182FD80700712C60 /* XCTest.framework */ = {isa = PBXFileReference; lastKnownFileType = wrapper.framework; name = XCTest.framework; path = Library/Frameworks/XCTest.framework; sourceTree = DEVELOPER_DIR; };
		D01AED8418476F6B001300E3 /* Base */ = {isa = PBXFileReference; lastKnownFileType = text.rtf; name = Base; path = Base.lproj/Credits.rtf; sourceTree = "<group>"; };
		D026169E1836F48A002ABD72 /* Balthisar Tidy.entitlements */ = {isa = PBXFileReference; lastKnownFileType = text.xml; path = "Balthisar Tidy.entitlements"; sourceTree = "<group>"; };
		D02B30C9184EC4FF00A60556 /* HTML.icns */ = {isa = PBXFileReference; lastKnownFileType = image.icns; name = HTML.icns; path = "balthisar tidy/Images.xcassets/HTML.icns"; sourceTree = SOURCE_ROOT; };
		D02B30CC184ED25100A60556 /* PHP.icns */ = {isa = PBXFileReference; lastKnownFileType = image.icns; name = PHP.icns; path = "balthisar tidy/Images.xcassets/PHP.icns"; sourceTree = SOURCE_ROOT; };
		D06626CE18B09B330091CBD8 /* Sparkle.framework */ = {isa = PBXFileReference; lastKnownFileType = wrapper.framework; name = Sparkle.framework; path = "Balthisar Tidy/Frameworks/Sparkle.framework"; sourceTree = "<group>"; };
		D07AF47B1836581E00913067 /* Base */ = {isa = PBXFileReference; lastKnownFileType = file.xib; name = Base; path = Base.lproj/OptionPane.xib; sourceTree = "<group>"; };
		D07AF47D1836581E00913067 /* Base */ = {isa = PBXFileReference; lastKnownFileType = file.xib; name = Base; path = Base.lproj/Preferences.xib; sourceTree = "<group>"; };
		D07AF47F1836581E00913067 /* Base */ = {isa = PBXFileReference; lastKnownFileType = file.xib; name = Base; path = Base.lproj/TidyDocument.xib; sourceTree = "<group>"; };
		D08A7C9218D442FF00341DCB /* optionsInEffect.txt */ = {isa = PBXFileReference; fileEncoding = 4; lastKnownFileType = text; name = optionsInEffect.txt; path = Resources/optionsInEffect.txt; sourceTree = "<group>"; };
		D08A7C9918D443D900341DCB /* Base */ = {isa = PBXFileReference; lastKnownFileType = text.plist.strings; name = Base; path = Base.lproj/InfoPlist.strings; sourceTree = "<group>"; };
		D0913CDE18B0AC06005DB2E4 /* Balthisar Tidy.app */ = {isa = PBXFileReference; explicitFileType = wrapper.application; includeInIndex = 0; path = "Balthisar Tidy.app"; sourceTree = BUILT_PRODUCTS_DIR; };
		D0CCEE2818E9967B0052E56C /* Balthisar Tidy.help */ = {isa = PBXFileReference; lastKnownFileType = folder; name = "Balthisar Tidy.help"; path = "Resources/Balthisar Tidy.help"; sourceTree = "<group>"; };
		D0D3BEB7183C87C500692225 /* Base */ = {isa = PBXFileReference; lastKnownFileType = file.xib; name = Base; path = "balthisar tidy/Base.lproj/MainMenu.xib"; sourceTree = SOURCE_ROOT; };
		D0D9EAC118E6680F008A55D5 /* AppController.h */ = {isa = PBXFileReference; fileEncoding = 4; lastKnownFileType = sourcecode.c.h; path = AppController.h; sourceTree = "<group>"; };
		D0D9EAC218E6680F008A55D5 /* AppController.m */ = {isa = PBXFileReference; fileEncoding = 4; lastKnownFileType = sourcecode.c.objc; path = AppController.m; sourceTree = "<group>"; };
		D0D9EAC318E6680F008A55D5 /* OptionPaneController.h */ = {isa = PBXFileReference; fileEncoding = 4; lastKnownFileType = sourcecode.c.h; path = OptionPaneController.h; sourceTree = "<group>"; };
		D0D9EAC418E6680F008A55D5 /* OptionPaneController.m */ = {isa = PBXFileReference; fileEncoding = 4; lastKnownFileType = sourcecode.c.objc; path = OptionPaneController.m; sourceTree = "<group>"; };
		D0D9EAC518E6680F008A55D5 /* PreferenceController.h */ = {isa = PBXFileReference; fileEncoding = 4; lastKnownFileType = sourcecode.c.h; path = PreferenceController.h; sourceTree = "<group>"; };
		D0D9EAC618E6680F008A55D5 /* PreferenceController.m */ = {isa = PBXFileReference; fileEncoding = 4; lastKnownFileType = sourcecode.c.objc; path = PreferenceController.m; sourceTree = "<group>"; };
		D0D9EAC718E6680F008A55D5 /* TidyDocument.h */ = {isa = PBXFileReference; fileEncoding = 4; lastKnownFileType = sourcecode.c.h; path = TidyDocument.h; sourceTree = "<group>"; };
		D0D9EAC818E6680F008A55D5 /* TidyDocument.m */ = {isa = PBXFileReference; fileEncoding = 4; lastKnownFileType = sourcecode.c.objc; path = TidyDocument.m; sourceTree = "<group>"; };
		D0D9EACA18E6680F008A55D5 /* JSDTidyModel.h */ = {isa = PBXFileReference; fileEncoding = 4; lastKnownFileType = sourcecode.c.h; path = JSDTidyModel.h; sourceTree = "<group>"; };
		D0D9EACB18E6680F008A55D5 /* JSDTidyModel.m */ = {isa = PBXFileReference; fileEncoding = 4; lastKnownFileType = sourcecode.c.objc; path = JSDTidyModel.m; sourceTree = "<group>"; };
		D0D9EACD18E6680F008A55D5 /* JSDTidyOption.h */ = {isa = PBXFileReference; fileEncoding = 4; lastKnownFileType = sourcecode.c.h; path = JSDTidyOption.h; sourceTree = "<group>"; };
		D0D9EACE18E6680F008A55D5 /* JSDTidyOption.m */ = {isa = PBXFileReference; fileEncoding = 4; lastKnownFileType = sourcecode.c.objc; path = JSDTidyOption.m; sourceTree = "<group>"; };
		D0D9EAD018E6680F008A55D5 /* JSDTextField.h */ = {isa = PBXFileReference; fileEncoding = 4; lastKnownFileType = sourcecode.c.h; path = JSDTextField.h; sourceTree = "<group>"; };
		D0D9EAD118E6680F008A55D5 /* JSDTextField.m */ = {isa = PBXFileReference; fileEncoding = 4; lastKnownFileType = sourcecode.c.objc; path = JSDTextField.m; sourceTree = "<group>"; };
		D0D9EAD218E6680F008A55D5 /* NoodleLineNumberMarker.h */ = {isa = PBXFileReference; fileEncoding = 4; lastKnownFileType = sourcecode.c.h; path = NoodleLineNumberMarker.h; sourceTree = "<group>"; };
		D0D9EAD318E6680F008A55D5 /* NoodleLineNumberMarker.m */ = {isa = PBXFileReference; fileEncoding = 4; lastKnownFileType = sourcecode.c.objc; path = NoodleLineNumberMarker.m; sourceTree = "<group>"; };
		D0D9EAD418E6680F008A55D5 /* NoodleLineNumberView.h */ = {isa = PBXFileReference; fileEncoding = 4; lastKnownFileType = sourcecode.c.h; path = NoodleLineNumberView.h; sourceTree = "<group>"; };
		D0D9EAD518E6680F008A55D5 /* NoodleLineNumberView.m */ = {isa = PBXFileReference; fileEncoding = 4; lastKnownFileType = sourcecode.c.objc; path = NoodleLineNumberView.m; sourceTree = "<group>"; };
		D0D9EAD618E6680F008A55D5 /* NSTextView+JSDExtensions.h */ = {isa = PBXFileReference; fileEncoding = 4; lastKnownFileType = sourcecode.c.h; path = "NSTextView+JSDExtensions.h"; sourceTree = "<group>"; };
		D0D9EAD718E6680F008A55D5 /* NSTextView+JSDExtensions.m */ = {isa = PBXFileReference; fileEncoding = 4; lastKnownFileType = sourcecode.c.objc; path = "NSTextView+JSDExtensions.m"; sourceTree = "<group>"; };
		D0D9EAE318E6680F008A55D5 /* buffio.h */ = {isa = PBXFileReference; fileEncoding = 4; lastKnownFileType = sourcecode.c.h; path = buffio.h; sourceTree = "<group>"; };
		D0D9EAE418E6680F008A55D5 /* platform.h */ = {isa = PBXFileReference; fileEncoding = 4; lastKnownFileType = sourcecode.c.h; path = platform.h; sourceTree = "<group>"; };
		D0D9EAE518E6680F008A55D5 /* tidy.h */ = {isa = PBXFileReference; fileEncoding = 4; lastKnownFileType = sourcecode.c.h; path = tidy.h; sourceTree = "<group>"; };
		D0D9EAE618E6680F008A55D5 /* tidyenum.h */ = {isa = PBXFileReference; fileEncoding = 4; lastKnownFileType = sourcecode.c.h; path = tidyenum.h; sourceTree = "<group>"; };
		D0D9EAE818E6680F008A55D5 /* access.c */ = {isa = PBXFileReference; fileEncoding = 4; lastKnownFileType = sourcecode.c.c; path = access.c; sourceTree = "<group>"; };
		D0D9EAE918E6680F008A55D5 /* access.h */ = {isa = PBXFileReference; fileEncoding = 4; lastKnownFileType = sourcecode.c.h; path = access.h; sourceTree = "<group>"; };
		D0D9EAEA18E6680F008A55D5 /* alloc.c */ = {isa = PBXFileReference; fileEncoding = 4; lastKnownFileType = sourcecode.c.c; path = alloc.c; sourceTree = "<group>"; };
		D0D9EAEB18E6680F008A55D5 /* attrask.c */ = {isa = PBXFileReference; fileEncoding = 4; lastKnownFileType = sourcecode.c.c; path = attrask.c; sourceTree = "<group>"; };
		D0D9EAEC18E6680F008A55D5 /* attrdict.c */ = {isa = PBXFileReference; fileEncoding = 4; lastKnownFileType = sourcecode.c.c; path = attrdict.c; sourceTree = "<group>"; };
		D0D9EAED18E6680F008A55D5 /* attrdict.h */ = {isa = PBXFileReference; fileEncoding = 4; lastKnownFileType = sourcecode.c.h; path = attrdict.h; sourceTree = "<group>"; };
		D0D9EAEE18E6680F008A55D5 /* attrget.c */ = {isa = PBXFileReference; fileEncoding = 4; lastKnownFileType = sourcecode.c.c; path = attrget.c; sourceTree = "<group>"; };
		D0D9EAEF18E6680F008A55D5 /* attrs.c */ = {isa = PBXFileReference; fileEncoding = 4; lastKnownFileType = sourcecode.c.c; path = attrs.c; sourceTree = "<group>"; };
		D0D9EAF018E6680F008A55D5 /* attrs.h */ = {isa = PBXFileReference; fileEncoding = 4; lastKnownFileType = sourcecode.c.h; path = attrs.h; sourceTree = "<group>"; };
		D0D9EAF118E6680F008A55D5 /* buffio.c */ = {isa = PBXFileReference; fileEncoding = 4; lastKnownFileType = sourcecode.c.c; path = buffio.c; sourceTree = "<group>"; };
		D0D9EAF218E6680F008A55D5 /* charsets.c */ = {isa = PBXFileReference; fileEncoding = 4; lastKnownFileType = sourcecode.c.c; path = charsets.c; sourceTree = "<group>"; };
		D0D9EAF318E6680F008A55D5 /* charsets.h */ = {isa = PBXFileReference; fileEncoding = 4; lastKnownFileType = sourcecode.c.h; path = charsets.h; sourceTree = "<group>"; };
		D0D9EAF418E6680F008A55D5 /* clean.c */ = {isa = PBXFileReference; fileEncoding = 4; lastKnownFileType = sourcecode.c.c; path = clean.c; sourceTree = "<group>"; };
		D0D9EAF518E6680F008A55D5 /* clean.h */ = {isa = PBXFileReference; fileEncoding = 4; lastKnownFileType = sourcecode.c.h; path = clean.h; sourceTree = "<group>"; };
		D0D9EAF618E6680F008A55D5 /* config.c */ = {isa = PBXFileReference; fileEncoding = 4; lastKnownFileType = sourcecode.c.c; path = config.c; sourceTree = "<group>"; };
		D0D9EAF718E6680F008A55D5 /* config.h */ = {isa = PBXFileReference; fileEncoding = 4; lastKnownFileType = sourcecode.c.h; path = config.h; sourceTree = "<group>"; };
		D0D9EAF818E6680F008A55D5 /* entities.c */ = {isa = PBXFileReference; fileEncoding = 4; lastKnownFileType = sourcecode.c.c; path = entities.c; sourceTree = "<group>"; };
		D0D9EAF918E6680F008A55D5 /* entities.h */ = {isa = PBXFileReference; fileEncoding = 4; lastKnownFileType = sourcecode.c.h; path = entities.h; sourceTree = "<group>"; };
		D0D9EAFA18E6680F008A55D5 /* fileio.c */ = {isa = PBXFileReference; fileEncoding = 4; lastKnownFileType = sourcecode.c.c; path = fileio.c; sourceTree = "<group>"; };
		D0D9EAFB18E6680F008A55D5 /* fileio.h */ = {isa = PBXFileReference; fileEncoding = 4; lastKnownFileType = sourcecode.c.h; path = fileio.h; sourceTree = "<group>"; };
		D0D9EAFC18E6680F008A55D5 /* forward.h */ = {isa = PBXFileReference; fileEncoding = 4; lastKnownFileType = sourcecode.c.h; path = forward.h; sourceTree = "<group>"; };
		D0D9EAFD18E6680F008A55D5 /* gdoc.c */ = {isa = PBXFileReference; fileEncoding = 4; lastKnownFileType = sourcecode.c.c; path = gdoc.c; sourceTree = "<group>"; };
		D0D9EAFE18E6680F008A55D5 /* gdoc.h */ = {isa = PBXFileReference; fileEncoding = 4; lastKnownFileType = sourcecode.c.h; path = gdoc.h; sourceTree = "<group>"; };
		D0D9EAFF18E6680F008A55D5 /* iconvtc.c */ = {isa = PBXFileReference; fileEncoding = 4; lastKnownFileType = sourcecode.c.c; path = iconvtc.c; sourceTree = "<group>"; };
		D0D9EB0018E6680F008A55D5 /* iconvtc.h */ = {isa = PBXFileReference; fileEncoding = 4; lastKnownFileType = sourcecode.c.h; path = iconvtc.h; sourceTree = "<group>"; };
		D0D9EB0118E6680F008A55D5 /* istack.c */ = {isa = PBXFileReference; fileEncoding = 4; lastKnownFileType = sourcecode.c.c; path = istack.c; sourceTree = "<group>"; };
		D0D9EB0218E6680F008A55D5 /* lexer.c */ = {isa = PBXFileReference; fileEncoding = 4; lastKnownFileType = sourcecode.c.c; path = lexer.c; sourceTree = "<group>"; };
		D0D9EB0318E6680F008A55D5 /* lexer.h */ = {isa = PBXFileReference; fileEncoding = 4; lastKnownFileType = sourcecode.c.h; path = lexer.h; sourceTree = "<group>"; };
		D0D9EB0418E6680F008A55D5 /* localize.c */ = {isa = PBXFileReference; fileEncoding = 4; lastKnownFileType = sourcecode.c.c; path = localize.c; sourceTree = "<group>"; };
		D0D9EB0518E6680F008A55D5 /* mappedio.c */ = {isa = PBXFileReference; fileEncoding = 4; lastKnownFileType = sourcecode.c.c; path = mappedio.c; sourceTree = "<group>"; };
		D0D9EB0618E6680F008A55D5 /* mappedio.h */ = {isa = PBXFileReference; fileEncoding = 4; lastKnownFileType = sourcecode.c.h; path = mappedio.h; sourceTree = "<group>"; };
		D0D9EB0718E6680F008A55D5 /* message.h */ = {isa = PBXFileReference; fileEncoding = 4; lastKnownFileType = sourcecode.c.h; path = message.h; sourceTree = "<group>"; };
		D0D9EB0818E6680F008A55D5 /* parser.c */ = {isa = PBXFileReference; fileEncoding = 4; lastKnownFileType = sourcecode.c.c; path = parser.c; sourceTree = "<group>"; };
		D0D9EB0918E6680F008A55D5 /* parser.h */ = {isa = PBXFileReference; fileEncoding = 4; lastKnownFileType = sourcecode.c.h; path = parser.h; sourceTree = "<group>"; };
		D0D9EB0A18E6680F008A55D5 /* pprint.c */ = {isa = PBXFileReference; fileEncoding = 4; lastKnownFileType = sourcecode.c.c; path = pprint.c; sourceTree = "<group>"; };
		D0D9EB0B18E6680F008A55D5 /* pprint.h */ = {isa = PBXFileReference; fileEncoding = 4; lastKnownFileType = sourcecode.c.h; path = pprint.h; sourceTree = "<group>"; };
		D0D9EB0C18E6680F008A55D5 /* streamio.c */ = {isa = PBXFileReference; fileEncoding = 4; lastKnownFileType = sourcecode.c.c; path = streamio.c; sourceTree = "<group>"; };
		D0D9EB0D18E6680F008A55D5 /* streamio.h */ = {isa = PBXFileReference; fileEncoding = 4; lastKnownFileType = sourcecode.c.h; path = streamio.h; sourceTree = "<group>"; };
		D0D9EB0E18E6680F008A55D5 /* tagask.c */ = {isa = PBXFileReference; fileEncoding = 4; lastKnownFileType = sourcecode.c.c; path = tagask.c; sourceTree = "<group>"; };
		D0D9EB0F18E6680F008A55D5 /* tags.c */ = {isa = PBXFileReference; fileEncoding = 4; lastKnownFileType = sourcecode.c.c; path = tags.c; sourceTree = "<group>"; };
		D0D9EB1018E6680F008A55D5 /* tags.h */ = {isa = PBXFileReference; fileEncoding = 4; lastKnownFileType = sourcecode.c.h; path = tags.h; sourceTree = "<group>"; };
		D0D9EB1118E6680F008A55D5 /* tidy-int.h */ = {isa = PBXFileReference; fileEncoding = 4; lastKnownFileType = sourcecode.c.h; path = "tidy-int.h"; sourceTree = "<group>"; };
		D0D9EB1218E6680F008A55D5 /* tidylib.c */ = {isa = PBXFileReference; fileEncoding = 4; lastKnownFileType = sourcecode.c.c; path = tidylib.c; sourceTree = "<group>"; };
		D0D9EB1318E6680F008A55D5 /* tmbstr.c */ = {isa = PBXFileReference; fileEncoding = 4; lastKnownFileType = sourcecode.c.c; path = tmbstr.c; sourceTree = "<group>"; };
		D0D9EB1418E6680F008A55D5 /* tmbstr.h */ = {isa = PBXFileReference; fileEncoding = 4; lastKnownFileType = sourcecode.c.h; path = tmbstr.h; sourceTree = "<group>"; };
		D0D9EB1518E6680F008A55D5 /* utf8.c */ = {isa = PBXFileReference; fileEncoding = 4; lastKnownFileType = sourcecode.c.c; path = utf8.c; sourceTree = "<group>"; };
		D0D9EB1618E6680F008A55D5 /* utf8.h */ = {isa = PBXFileReference; fileEncoding = 4; lastKnownFileType = sourcecode.c.h; path = utf8.h; sourceTree = "<group>"; };
		D0D9EB1718E6680F008A55D5 /* version.h */ = {isa = PBXFileReference; fileEncoding = 4; lastKnownFileType = sourcecode.c.h; path = version.h; sourceTree = "<group>"; };
		D0D9EB1818E6680F008A55D5 /* win32tc.c */ = {isa = PBXFileReference; fileEncoding = 4; lastKnownFileType = sourcecode.c.c; path = win32tc.c; sourceTree = "<group>"; };
		D0D9EB1918E6680F008A55D5 /* win32tc.h */ = {isa = PBXFileReference; fileEncoding = 4; lastKnownFileType = sourcecode.c.h; path = win32tc.h; sourceTree = "<group>"; };
		D0D9F19A18E68D1E008A55D5 /* Base */ = {isa = PBXFileReference; lastKnownFileType = file.xib; name = Base; path = "Balthisar Tidy/Base.lproj/FirstRunHelper.xib"; sourceTree = SOURCE_ROOT; };
		D0D9F19D18E68DC6008A55D5 /* FirstRunController.h */ = {isa = PBXFileReference; fileEncoding = 4; lastKnownFileType = sourcecode.c.h; path = FirstRunController.h; sourceTree = "<group>"; };
		D0D9F19E18E68DC6008A55D5 /* FirstRunController.m */ = {isa = PBXFileReference; fileEncoding = 4; lastKnownFileType = sourcecode.c.objc; path = FirstRunController.m; sourceTree = "<group>"; };
		D0D9F1A118E6BF8D008A55D5 /* JSDTableView.h */ = {isa = PBXFileReference; fileEncoding = 4; lastKnownFileType = sourcecode.c.h; path = JSDTableView.h; sourceTree = "<group>"; };
		D0D9F1A218E6BF8D008A55D5 /* JSDTableView.m */ = {isa = PBXFileReference; fileEncoding = 4; lastKnownFileType = sourcecode.c.objc; path = JSDTableView.m; sourceTree = "<group>"; };
		D0D9F1A518E833DD008A55D5 /* XML.icns */ = {isa = PBXFileReference; lastKnownFileType = image.icns; name = XML.icns; path = Images.xcassets/XML.icns; sourceTree = "<group>"; };
		D0D9F1A818E834AA008A55D5 /* Tidy.icns */ = {isa = PBXFileReference; lastKnownFileType = image.icns; name = Tidy.icns; path = Images.xcassets/Tidy.icns; sourceTree = "<group>"; };
/* End PBXFileReference section */

/* Begin PBXFrameworksBuildPhase section */
		D016A923182FD80700712C60 /* Frameworks */ = {
			isa = PBXFrameworksBuildPhase;
			buildActionMask = 2147483647;
			files = (
				D016A92A182FD80700712C60 /* Cocoa.framework in Frameworks */,
				D06626CF18B09B330091CBD8 /* Sparkle.framework in Frameworks */,
			);
			runOnlyForDeploymentPostprocessing = 0;
		};
		D0913CC818B0AC06005DB2E4 /* Frameworks */ = {
			isa = PBXFrameworksBuildPhase;
			buildActionMask = 2147483647;
			files = (
				D0913CC918B0AC06005DB2E4 /* Cocoa.framework in Frameworks */,
			);
			runOnlyForDeploymentPostprocessing = 0;
		};
/* End PBXFrameworksBuildPhase section */

/* Begin PBXGroup section */
		D006072F18B9C01300D91335 /* Image Assets */ = {
			isa = PBXGroup;
			children = (
				D016A944182FD80700712C60 /* Images.xcassets */,
				D02B30CC184ED25100A60556 /* PHP.icns */,
				D02B30C9184EC4FF00A60556 /* HTML.icns */,
				D0D9F1A818E834AA008A55D5 /* Tidy.icns */,
				D0D9F1A518E833DD008A55D5 /* XML.icns */,
			);
			name = "Image Assets";
			sourceTree = "<group>";
		};
		D016A91D182FD80700712C60 = {
			isa = PBXGroup;
			children = (
				D016A92F182FD80700712C60 /* Balthisar Tidy */,
				D016A928182FD80700712C60 /* Frameworks */,
				D016A927182FD80700712C60 /* Products */,
			);
			sourceTree = "<group>";
		};
		D016A927182FD80700712C60 /* Products */ = {
			isa = PBXGroup;
			children = (
				D016A926182FD80700712C60 /* Balthisar Tidy.app */,
				D0913CDE18B0AC06005DB2E4 /* Balthisar Tidy.app */,
			);
			name = Products;
			sourceTree = "<group>";
		};
		D016A928182FD80700712C60 /* Frameworks */ = {
			isa = PBXGroup;
			children = (
				D06626CE18B09B330091CBD8 /* Sparkle.framework */,
				D016A929182FD80700712C60 /* Cocoa.framework */,
				D016A94B182FD80700712C60 /* XCTest.framework */,
				D016A92B182FD80700712C60 /* Other Frameworks */,
			);
			name = Frameworks;
			sourceTree = "<group>";
		};
		D016A92B182FD80700712C60 /* Other Frameworks */ = {
			isa = PBXGroup;
			children = (
				D016A92C182FD80700712C60 /* AppKit.framework */,
				D016A92D182FD80700712C60 /* CoreData.framework */,
				D016A92E182FD80700712C60 /* Foundation.framework */,
			);
			name = "Other Frameworks";
			sourceTree = "<group>";
		};
		D016A92F182FD80700712C60 /* Balthisar Tidy */ = {
			isa = PBXGroup;
			children = (
				D016A935182FD80700712C60 /* main.m */,
				D0D9EABF18E6680F008A55D5 /* Classes */,
				D08A7C9118D442AD00341DCB /* Resources */,
				D07AF49A183658F100913067 /* Base.lproj */,
				D026169E1836F48A002ABD72 /* Balthisar Tidy.entitlements */,
				D016A931182FD80700712C60 /* Balthisar Tidy-Info.plist */,
				D016A937182FD80700712C60 /* Balthisar Tidy-Prefix.pch */,
				D006072F18B9C01300D91335 /* Image Assets */,
			);
			path = "Balthisar Tidy";
			sourceTree = SOURCE_ROOT;
		};
		D07AF49A183658F100913067 /* Base.lproj */ = {
			isa = PBXGroup;
			children = (
				D0D9F19918E68D1E008A55D5 /* FirstRunHelper.xib */,
				D0D3BEB6183C87C500692225 /* MainMenu.xib */,
				D07AF47A1836581E00913067 /* OptionPane.xib */,
				D07AF47C1836581E00913067 /* Preferences.xib */,
				D07AF47E1836581E00913067 /* TidyDocument.xib */,
				D01AED8318476F6B001300E3 /* Credits.rtf */,
				D08A7C9818D443D900341DCB /* InfoPlist.strings */,
				D0120B55183CCAB3003CA182 /* Localizable.strings */,
			);
			name = Base.lproj;
			sourceTree = "<group>";
		};
		D08A7C9118D442AD00341DCB /* Resources */ = {
			isa = PBXGroup;
			children = (
				D0CCEE2818E9967B0052E56C /* Balthisar Tidy.help */,
				D08A7C9218D442FF00341DCB /* optionsInEffect.txt */,
			);
			name = Resources;
			sourceTree = "<group>";
		};
		D0D9EABF18E6680F008A55D5 /* Classes */ = {
			isa = PBXGroup;
			children = (
				D0D9EAC018E6680F008A55D5 /* App Pieces */,
				D0D9EAC918E6680F008A55D5 /* JSDTidyModel */,
				D0D9EACF18E6680F008A55D5 /* Support Pieces */,
				D0D9EAD818E6680F008A55D5 /* vendor */,
			);
			path = Classes;
			sourceTree = "<group>";
		};
		D0D9EAC018E6680F008A55D5 /* App Pieces */ = {
			isa = PBXGroup;
			children = (
				D0D9EAC118E6680F008A55D5 /* AppController.h */,
				D0D9EAC218E6680F008A55D5 /* AppController.m */,
				D0D9EAC318E6680F008A55D5 /* OptionPaneController.h */,
				D0D9EAC418E6680F008A55D5 /* OptionPaneController.m */,
				D0D9EAC518E6680F008A55D5 /* PreferenceController.h */,
				D0D9EAC618E6680F008A55D5 /* PreferenceController.m */,
				D0D9F19D18E68DC6008A55D5 /* FirstRunController.h */,
				D0D9F19E18E68DC6008A55D5 /* FirstRunController.m */,
				D0D9EAC718E6680F008A55D5 /* TidyDocument.h */,
				D0D9EAC818E6680F008A55D5 /* TidyDocument.m */,
			);
			path = "App Pieces";
			sourceTree = "<group>";
		};
		D0D9EAC918E6680F008A55D5 /* JSDTidyModel */ = {
			isa = PBXGroup;
			children = (
				D0D9EACA18E6680F008A55D5 /* JSDTidyModel.h */,
				D0D9EACB18E6680F008A55D5 /* JSDTidyModel.m */,
				D0D9EACD18E6680F008A55D5 /* JSDTidyOption.h */,
				D0D9EACE18E6680F008A55D5 /* JSDTidyOption.m */,
			);
			path = JSDTidyModel;
			sourceTree = "<group>";
		};
		D0D9EACF18E6680F008A55D5 /* Support Pieces */ = {
			isa = PBXGroup;
			children = (
				D0D9F1A118E6BF8D008A55D5 /* JSDTableView.h */,
				D0D9F1A218E6BF8D008A55D5 /* JSDTableView.m */,
				D0D9EAD018E6680F008A55D5 /* JSDTextField.h */,
				D0D9EAD118E6680F008A55D5 /* JSDTextField.m */,
				D0D9EAD218E6680F008A55D5 /* NoodleLineNumberMarker.h */,
				D0D9EAD318E6680F008A55D5 /* NoodleLineNumberMarker.m */,
				D0D9EAD418E6680F008A55D5 /* NoodleLineNumberView.h */,
				D0D9EAD518E6680F008A55D5 /* NoodleLineNumberView.m */,
				D0D9EAD618E6680F008A55D5 /* NSTextView+JSDExtensions.h */,
				D0D9EAD718E6680F008A55D5 /* NSTextView+JSDExtensions.m */,
			);
			path = "Support Pieces";
			sourceTree = "<group>";
		};
		D0D9EAD818E6680F008A55D5 /* vendor */ = {
			isa = PBXGroup;
			children = (
				D0D9EAD918E6680F008A55D5 /* tidylib */,
			);
			path = vendor;
			sourceTree = "<group>";
		};
		D0D9EAD918E6680F008A55D5 /* tidylib */ = {
			isa = PBXGroup;
			children = (
				D0D9EAE218E6680F008A55D5 /* include */,
				D0D9EAE718E6680F008A55D5 /* src */,
			);
			path = tidylib;
			sourceTree = "<group>";
		};
		D0D9EAE218E6680F008A55D5 /* include */ = {
			isa = PBXGroup;
			children = (
				D0D9EAE318E6680F008A55D5 /* buffio.h */,
				D0D9EAE418E6680F008A55D5 /* platform.h */,
				D0D9EAE518E6680F008A55D5 /* tidy.h */,
				D0D9EAE618E6680F008A55D5 /* tidyenum.h */,
			);
			path = include;
			sourceTree = "<group>";
		};
		D0D9EAE718E6680F008A55D5 /* src */ = {
			isa = PBXGroup;
			children = (
				D0D9EAE818E6680F008A55D5 /* access.c */,
				D0D9EAE918E6680F008A55D5 /* access.h */,
				D0D9EAEA18E6680F008A55D5 /* alloc.c */,
				D0D9EAEB18E6680F008A55D5 /* attrask.c */,
				D0D9EAEC18E6680F008A55D5 /* attrdict.c */,
				D0D9EAED18E6680F008A55D5 /* attrdict.h */,
				D0D9EAEE18E6680F008A55D5 /* attrget.c */,
				D0D9EAEF18E6680F008A55D5 /* attrs.c */,
				D0D9EAF018E6680F008A55D5 /* attrs.h */,
				D0D9EAF118E6680F008A55D5 /* buffio.c */,
				D0D9EAF218E6680F008A55D5 /* charsets.c */,
				D0D9EAF318E6680F008A55D5 /* charsets.h */,
				D0D9EAF418E6680F008A55D5 /* clean.c */,
				D0D9EAF518E6680F008A55D5 /* clean.h */,
				D0D9EAF618E6680F008A55D5 /* config.c */,
				D0D9EAF718E6680F008A55D5 /* config.h */,
				D0D9EAF818E6680F008A55D5 /* entities.c */,
				D0D9EAF918E6680F008A55D5 /* entities.h */,
				D0D9EAFA18E6680F008A55D5 /* fileio.c */,
				D0D9EAFB18E6680F008A55D5 /* fileio.h */,
				D0D9EAFC18E6680F008A55D5 /* forward.h */,
				D0D9EAFD18E6680F008A55D5 /* gdoc.c */,
				D0D9EAFE18E6680F008A55D5 /* gdoc.h */,
				D0D9EAFF18E6680F008A55D5 /* iconvtc.c */,
				D0D9EB0018E6680F008A55D5 /* iconvtc.h */,
				D0D9EB0118E6680F008A55D5 /* istack.c */,
				D0D9EB0218E6680F008A55D5 /* lexer.c */,
				D0D9EB0318E6680F008A55D5 /* lexer.h */,
				D0D9EB0418E6680F008A55D5 /* localize.c */,
				D0D9EB0518E6680F008A55D5 /* mappedio.c */,
				D0D9EB0618E6680F008A55D5 /* mappedio.h */,
				D0D9EB0718E6680F008A55D5 /* message.h */,
				D0D9EB0818E6680F008A55D5 /* parser.c */,
				D0D9EB0918E6680F008A55D5 /* parser.h */,
				D0D9EB0A18E6680F008A55D5 /* pprint.c */,
				D0D9EB0B18E6680F008A55D5 /* pprint.h */,
				D0D9EB0C18E6680F008A55D5 /* streamio.c */,
				D0D9EB0D18E6680F008A55D5 /* streamio.h */,
				D0D9EB0E18E6680F008A55D5 /* tagask.c */,
				D0D9EB0F18E6680F008A55D5 /* tags.c */,
				D0D9EB1018E6680F008A55D5 /* tags.h */,
				D0D9EB1118E6680F008A55D5 /* tidy-int.h */,
				D0D9EB1218E6680F008A55D5 /* tidylib.c */,
				D0D9EB1318E6680F008A55D5 /* tmbstr.c */,
				D0D9EB1418E6680F008A55D5 /* tmbstr.h */,
				D0D9EB1518E6680F008A55D5 /* utf8.c */,
				D0D9EB1618E6680F008A55D5 /* utf8.h */,
				D0D9EB1718E6680F008A55D5 /* version.h */,
				D0D9EB1818E6680F008A55D5 /* win32tc.c */,
				D0D9EB1918E6680F008A55D5 /* win32tc.h */,
			);
			path = src;
			sourceTree = "<group>";
		};
/* End PBXGroup section */

/* Begin PBXNativeTarget section */
		D016A925182FD80700712C60 /* Balthisar Tidy */ = {
			isa = PBXNativeTarget;
			buildConfigurationList = D016A95A182FD80700712C60 /* Build configuration list for PBXNativeTarget "Balthisar Tidy" */;
			buildPhases = (
				D016A922182FD80700712C60 /* Sources */,
				D016A923182FD80700712C60 /* Frameworks */,
				D016A924182FD80700712C60 /* Resources */,
				D06626D018B09BD00091CBD8 /* Copy Files */,
				D0913CA018B0A61E005DB2E4 /* ShellScript */,
			);
			buildRules = (
			);
			dependencies = (
			);
			name = "Balthisar Tidy";
			productName = "Balthisar Tidy";
			productReference = D016A926182FD80700712C60 /* Balthisar Tidy.app */;
			productType = "com.apple.product-type.application";
		};
		D0913CA118B0AC06005DB2E4 /* Balthisar Tidy (no sparkle) */ = {
			isa = PBXNativeTarget;
			buildConfigurationList = D0913CDB18B0AC06005DB2E4 /* Build configuration list for PBXNativeTarget "Balthisar Tidy (no sparkle)" */;
			buildPhases = (
				D0913CA218B0AC06005DB2E4 /* Sources */,
				D0913CC818B0AC06005DB2E4 /* Frameworks */,
				D0913CCB18B0AC06005DB2E4 /* Resources */,
				D0CCEE2B18E9971B0052E56C /* ShellScript */,
			);
			buildRules = (
			);
			dependencies = (
			);
			name = "Balthisar Tidy (no sparkle)";
			productName = "Balthisar Tidy";
			productReference = D0913CDE18B0AC06005DB2E4 /* Balthisar Tidy.app */;
			productType = "com.apple.product-type.application";
		};
/* End PBXNativeTarget section */

/* Begin PBXProject section */
		D016A91E182FD80700712C60 /* Project object */ = {
			isa = PBXProject;
			attributes = {
				LastUpgradeCheck = 0500;
				ORGANIZATIONNAME = "Jim Derry";
				TargetAttributes = {
					D016A925182FD80700712C60 = {
						DevelopmentTeam = 9PN2JXXG7Y;
						SystemCapabilities = {
							com.apple.Sandbox = {
								enabled = 0;
							};
						};
					};
					D0913CA118B0AC06005DB2E4 = {
						DevelopmentTeam = 9PN2JXXG7Y;
						SystemCapabilities = {
							com.apple.Sandbox = {
								enabled = 1;
							};
						};
					};
				};
			};
			buildConfigurationList = D016A921182FD80700712C60 /* Build configuration list for PBXProject "Balthisar Tidy" */;
			compatibilityVersion = "Xcode 3.2";
			developmentRegion = English;
			hasScannedForEncodings = 0;
			knownRegions = (
				en,
				Base,
			);
			mainGroup = D016A91D182FD80700712C60;
			productRefGroup = D016A927182FD80700712C60 /* Products */;
			projectDirPath = "";
			projectRoot = "";
			targets = (
				D016A925182FD80700712C60 /* Balthisar Tidy */,
				D0913CA118B0AC06005DB2E4 /* Balthisar Tidy (no sparkle) */,
			);
		};
/* End PBXProject section */

/* Begin PBXResourcesBuildPhase section */
		D016A924182FD80700712C60 /* Resources */ = {
			isa = PBXResourcesBuildPhase;
			buildActionMask = 2147483647;
			files = (
				D0D9F19B18E68D1E008A55D5 /* FirstRunHelper.xib in Resources */,
				D08A7C9418D442FF00341DCB /* optionsInEffect.txt in Resources */,
				D02B30CA184EC4FF00A60556 /* HTML.icns in Resources */,
				D0107937183C738F00120B57 /* OptionPane.xib in Resources */,
				D0D9F1A618E833DD008A55D5 /* XML.icns in Resources */,
				D0CCEE2918E9967B0052E56C /* Balthisar Tidy.help in Resources */,
				D08A7C9A18D443D900341DCB /* InfoPlist.strings in Resources */,
				D0107938183C738F00120B57 /* Preferences.xib in Resources */,
				D02B30CE184ED25100A60556 /* PHP.icns in Resources */,
				D0107939183C738F00120B57 /* TidyDocument.xib in Resources */,
				D016A945182FD80700712C60 /* Images.xcassets in Resources */,
				D0120B57183CCAB3003CA182 /* Localizable.strings in Resources */,
				D0D9F1A918E834AA008A55D5 /* Tidy.icns in Resources */,
				D01AED8518476F6B001300E3 /* Credits.rtf in Resources */,
				D0D3BEB8183C87C500692225 /* MainMenu.xib in Resources */,
			);
			runOnlyForDeploymentPostprocessing = 0;
		};
		D0913CCB18B0AC06005DB2E4 /* Resources */ = {
			isa = PBXResourcesBuildPhase;
			buildActionMask = 2147483647;
			files = (
				D0D9F19C18E68D1E008A55D5 /* FirstRunHelper.xib in Resources */,
				D08A7C9518D442FF00341DCB /* optionsInEffect.txt in Resources */,
				D0913CCC18B0AC06005DB2E4 /* HTML.icns in Resources */,
				D0913CCE18B0AC06005DB2E4 /* OptionPane.xib in Resources */,
				D0D9F1A718E833DD008A55D5 /* XML.icns in Resources */,
				D0CCEE2A18E9967B0052E56C /* Balthisar Tidy.help in Resources */,
				D08A7C9B18D443D900341DCB /* InfoPlist.strings in Resources */,
				D0913CCF18B0AC06005DB2E4 /* Preferences.xib in Resources */,
				D0913CD018B0AC06005DB2E4 /* PHP.icns in Resources */,
				D0913CD118B0AC06005DB2E4 /* TidyDocument.xib in Resources */,
				D0913CD218B0AC06005DB2E4 /* Images.xcassets in Resources */,
				D0913CD318B0AC06005DB2E4 /* Localizable.strings in Resources */,
				D0D9F1AA18E834AA008A55D5 /* Tidy.icns in Resources */,
				D0913CD618B0AC06005DB2E4 /* Credits.rtf in Resources */,
				D0913CD718B0AC06005DB2E4 /* MainMenu.xib in Resources */,
			);
			runOnlyForDeploymentPostprocessing = 0;
		};
/* End PBXResourcesBuildPhase section */

/* Begin PBXShellScriptBuildPhase section */
		D0913CA018B0A61E005DB2E4 /* ShellScript */ = {
			isa = PBXShellScriptBuildPhase;
			buildActionMask = 2147483647;
			files = (
			);
			inputPaths = (
			);
			outputPaths = (
			);
			runOnlyForDeploymentPostprocessing = 0;
			shellPath = /bin/sh;
			shellScript = "LOCATION=\"${BUILT_PRODUCTS_DIR}\"/\"${FRAMEWORKS_FOLDER_PATH}\"\nIDENTITY=\"Developer ID\"\ncodesign --verbose --force --sign \"$IDENTITY\" \"$LOCATION/Sparkle.framework\"\n#codesign --verbose --force --sign \"$IDENTITY\" \"$LOCATION/../XPCServices/com.andymatuschak.Sparkle.SandboxService.xpc\"\n\n";
		};
		D0CCEE2B18E9971B0052E56C /* ShellScript */ = {
			isa = PBXShellScriptBuildPhase;
			buildActionMask = 2147483647;
			files = (
			);
			inputPaths = (
			);
			outputPaths = (
			);
			runOnlyForDeploymentPostprocessing = 0;
			shellPath = /bin/sh;
			shellScript = "# This will modify helpbook in order to use the no-sparkle resources\n# instead of the default resources. This works okay for one, single\n# localization, but a better solution for multiple localizations\n# might be in order.\n\nLOCATION=\"${BUILT_PRODUCTS_DIR}/${UNLOCALIZED_RESOURCES_FOLDER_PATH}/Balthisar Tidy.help/Contents/Resources/Base.lproj\"\n\n#ONLY DO THIS IF NOT ALREADY DONE:\nif [ ! -f \"$LOCATION/ns-complete.flag\" ]; then\nmv \"$LOCATION/pages/preferences.html\" \"$LOCATION/pages/preferences-hs.html\"\nmv \"$LOCATION/pages/reference.html\" \"$LOCATION/pages/reference-hs.html\"\n\nmv \"$LOCATION/pages/preferences-ns.html\" \"$LOCATION/pages/preferences.html\"\nmv \"$LOCATION/pages/reference-ns.html\" \"$LOCATION/pages/reference.html\"\n\nmv \"$LOCATION/img/prefs-misc.png\" \"$LOCATION/img/prefs-misc-hs.png\"\nmv \"$LOCATION/img/prefs-saving.png\" \"$LOCATION/img/prefs-saving-hs.png\"\nmv \"$LOCATION/img/prefs-tidy.png\" \"$LOCATION/img/prefs-tidy-hs.png\"\nmv \"$LOCATION/img/prefs-updates.png\" \"$LOCATION/img/prefs-updates-hs.png\"\n\nmv \"$LOCATION/img/prefs-misc-ns.png\" \"$LOCATION/img/prefs-misc.png\"\nmv \"$LOCATION/img/prefs-saving-ns.png\" \"$LOCATION/img/prefs-saving.png\"\nmv \"$LOCATION/img/prefs-tidy-ns.png\" \"$LOCATION/img/prefs-tidy.png\"\n\ntouch \"$LOCATION/ns-complete.flag\"\nfi\n";
		};
/* End PBXShellScriptBuildPhase section */

/* Begin PBXSourcesBuildPhase section */
		D016A922182FD80700712C60 /* Sources */ = {
			isa = PBXSourcesBuildPhase;
			buildActionMask = 2147483647;
			files = (
				D0D9ED6D18E66810008A55D5 /* parser.c in Sources */,
				D0D9ED6518E66810008A55D5 /* istack.c in Sources */,
				D0D9ED3718E66810008A55D5 /* JSDTidyOption.m in Sources */,
				D0D9ED5918E66810008A55D5 /* clean.c in Sources */,
				D0D9ED5B18E66810008A55D5 /* config.c in Sources */,
				D0D9ED5318E66810008A55D5 /* attrs.c in Sources */,
				D0D9ED3118E66810008A55D5 /* TidyDocument.m in Sources */,
				D0D9ED5718E66810008A55D5 /* charsets.c in Sources */,
				D0D9F19F18E68DC6008A55D5 /* FirstRunController.m in Sources */,
				D0D9ED7318E66810008A55D5 /* tagask.c in Sources */,
				D0D9ED6118E66810008A55D5 /* gdoc.c in Sources */,
				D0D9ED6B18E66810008A55D5 /* mappedio.c in Sources */,
				D0D9ED7918E66810008A55D5 /* tmbstr.c in Sources */,
				D0D9ED4D18E66810008A55D5 /* attrask.c in Sources */,
				D0D9ED6F18E66810008A55D5 /* pprint.c in Sources */,
				D0D9ED3318E66810008A55D5 /* JSDTidyModel.m in Sources */,
				D0D9ED3918E66810008A55D5 /* JSDTextField.m in Sources */,
				D0D9ED4F18E66810008A55D5 /* attrdict.c in Sources */,
				D0D9ED6918E66810008A55D5 /* localize.c in Sources */,
				D0D9ED5D18E66810008A55D5 /* entities.c in Sources */,
				D0D9ED6718E66810008A55D5 /* lexer.c in Sources */,
				D0D9ED6318E66810008A55D5 /* iconvtc.c in Sources */,
				D0D9ED2F18E66810008A55D5 /* PreferenceController.m in Sources */,
				D0D9ED2D18E66810008A55D5 /* OptionPaneController.m in Sources */,
				D0D9ED7118E66810008A55D5 /* streamio.c in Sources */,
				D016A936182FD80700712C60 /* main.m in Sources */,
				D0D9ED7718E66810008A55D5 /* tidylib.c in Sources */,
				D0D9ED3F18E66810008A55D5 /* NSTextView+JSDExtensions.m in Sources */,
				D0D9ED2B18E66810008A55D5 /* AppController.m in Sources */,
				D0D9ED7518E66810008A55D5 /* tags.c in Sources */,
				D0D9ED4918E66810008A55D5 /* access.c in Sources */,
				D0D9ED5518E66810008A55D5 /* buffio.c in Sources */,
				D0D9ED3D18E66810008A55D5 /* NoodleLineNumberView.m in Sources */,
				D0D9ED5F18E66810008A55D5 /* fileio.c in Sources */,
				D0D9ED7B18E66810008A55D5 /* utf8.c in Sources */,
				D0D9ED5118E66810008A55D5 /* attrget.c in Sources */,
				D0D9ED3B18E66810008A55D5 /* NoodleLineNumberMarker.m in Sources */,
				D0D9F1A318E6BF8D008A55D5 /* JSDTableView.m in Sources */,
				D0D9ED7D18E66810008A55D5 /* win32tc.c in Sources */,
				D0D9ED4B18E66810008A55D5 /* alloc.c in Sources */,
			);
			runOnlyForDeploymentPostprocessing = 0;
		};
		D0913CA218B0AC06005DB2E4 /* Sources */ = {
			isa = PBXSourcesBuildPhase;
			buildActionMask = 2147483647;
			files = (
				D0D9ED6E18E66810008A55D5 /* parser.c in Sources */,
				D0D9ED6618E66810008A55D5 /* istack.c in Sources */,
				D0D9ED3818E66810008A55D5 /* JSDTidyOption.m in Sources */,
				D0D9ED5A18E66810008A55D5 /* clean.c in Sources */,
				D0D9ED5C18E66810008A55D5 /* config.c in Sources */,
				D0D9ED5418E66810008A55D5 /* attrs.c in Sources */,
				D0D9ED3218E66810008A55D5 /* TidyDocument.m in Sources */,
				D0D9ED5818E66810008A55D5 /* charsets.c in Sources */,
				D0D9F1A018E68DC6008A55D5 /* FirstRunController.m in Sources */,
				D0D9ED7418E66810008A55D5 /* tagask.c in Sources */,
				D0D9ED6218E66810008A55D5 /* gdoc.c in Sources */,
				D0D9ED6C18E66810008A55D5 /* mappedio.c in Sources */,
				D0D9ED7A18E66810008A55D5 /* tmbstr.c in Sources */,
				D0D9ED4E18E66810008A55D5 /* attrask.c in Sources */,
				D0D9ED7018E66810008A55D5 /* pprint.c in Sources */,
				D0D9ED3418E66810008A55D5 /* JSDTidyModel.m in Sources */,
				D0D9ED3A18E66810008A55D5 /* JSDTextField.m in Sources */,
				D0D9ED5018E66810008A55D5 /* attrdict.c in Sources */,
				D0D9ED6A18E66810008A55D5 /* localize.c in Sources */,
				D0D9ED5E18E66810008A55D5 /* entities.c in Sources */,
				D0D9ED6818E66810008A55D5 /* lexer.c in Sources */,
				D0D9ED6418E66810008A55D5 /* iconvtc.c in Sources */,
				D0D9ED3018E66810008A55D5 /* PreferenceController.m in Sources */,
				D0D9ED2E18E66810008A55D5 /* OptionPaneController.m in Sources */,
				D0D9ED7218E66810008A55D5 /* streamio.c in Sources */,
				D0913CAF18B0AC06005DB2E4 /* main.m in Sources */,
				D0D9ED7818E66810008A55D5 /* tidylib.c in Sources */,
				D0D9ED4018E66810008A55D5 /* NSTextView+JSDExtensions.m in Sources */,
				D0D9ED2C18E66810008A55D5 /* AppController.m in Sources */,
				D0D9ED7618E66810008A55D5 /* tags.c in Sources */,
				D0D9ED4A18E66810008A55D5 /* access.c in Sources */,
				D0D9ED5618E66810008A55D5 /* buffio.c in Sources */,
				D0D9ED3E18E66810008A55D5 /* NoodleLineNumberView.m in Sources */,
				D0D9ED6018E66810008A55D5 /* fileio.c in Sources */,
				D0D9ED7C18E66810008A55D5 /* utf8.c in Sources */,
				D0D9ED5218E66810008A55D5 /* attrget.c in Sources */,
				D0D9ED3C18E66810008A55D5 /* NoodleLineNumberMarker.m in Sources */,
				D0D9F1A418E6BF8D008A55D5 /* JSDTableView.m in Sources */,
				D0D9ED7E18E66810008A55D5 /* win32tc.c in Sources */,
				D0D9ED4C18E66810008A55D5 /* alloc.c in Sources */,
			);
			runOnlyForDeploymentPostprocessing = 0;
		};
/* End PBXSourcesBuildPhase section */

/* Begin PBXVariantGroup section */
		D0120B55183CCAB3003CA182 /* Localizable.strings */ = {
			isa = PBXVariantGroup;
			children = (
				D0120B56183CCAB3003CA182 /* Base */,
			);
			name = Localizable.strings;
			sourceTree = "<group>";
		};
		D01AED8318476F6B001300E3 /* Credits.rtf */ = {
			isa = PBXVariantGroup;
			children = (
				D01AED8418476F6B001300E3 /* Base */,
			);
			name = Credits.rtf;
			sourceTree = "<group>";
		};
		D07AF47A1836581E00913067 /* OptionPane.xib */ = {
			isa = PBXVariantGroup;
			children = (
				D07AF47B1836581E00913067 /* Base */,
			);
			name = OptionPane.xib;
			sourceTree = "<group>";
		};
		D07AF47C1836581E00913067 /* Preferences.xib */ = {
			isa = PBXVariantGroup;
			children = (
				D07AF47D1836581E00913067 /* Base */,
			);
			name = Preferences.xib;
			sourceTree = "<group>";
		};
		D07AF47E1836581E00913067 /* TidyDocument.xib */ = {
			isa = PBXVariantGroup;
			children = (
				D07AF47F1836581E00913067 /* Base */,
			);
			name = TidyDocument.xib;
			sourceTree = "<group>";
		};
		D08A7C9818D443D900341DCB /* InfoPlist.strings */ = {
			isa = PBXVariantGroup;
			children = (
				D08A7C9918D443D900341DCB /* Base */,
			);
			name = InfoPlist.strings;
			sourceTree = "<group>";
		};
		D0D3BEB6183C87C500692225 /* MainMenu.xib */ = {
			isa = PBXVariantGroup;
			children = (
				D0D3BEB7183C87C500692225 /* Base */,
			);
			name = MainMenu.xib;
			sourceTree = "<group>";
		};
		D0D9F19918E68D1E008A55D5 /* FirstRunHelper.xib */ = {
			isa = PBXVariantGroup;
			children = (
				D0D9F19A18E68D1E008A55D5 /* Base */,
			);
			name = FirstRunHelper.xib;
			path = "Classes/App Pieces";
			sourceTree = "<group>";
		};
/* End PBXVariantGroup section */

/* Begin XCBuildConfiguration section */
		D016A958182FD80700712C60 /* Debug */ = {
			isa = XCBuildConfiguration;
			buildSettings = {
				ALWAYS_SEARCH_USER_PATHS = NO;
				CLANG_CXX_LANGUAGE_STANDARD = "gnu++0x";
				CLANG_CXX_LIBRARY = "libc++";
				CLANG_ENABLE_OBJC_ARC = NO;
				CLANG_WARN_BOOL_CONVERSION = YES;
				CLANG_WARN_CONSTANT_CONVERSION = YES;
				CLANG_WARN_DIRECT_OBJC_ISA_USAGE = YES_ERROR;
				CLANG_WARN_DOCUMENTATION_COMMENTS = YES;
				CLANG_WARN_EMPTY_BODY = YES;
				CLANG_WARN_ENUM_CONVERSION = YES;
				CLANG_WARN_INT_CONVERSION = YES;
				CLANG_WARN_OBJC_ROOT_CLASS = YES_ERROR;
				CLANG_WARN__DUPLICATE_METHOD_MATCH = YES;
				COPY_PHASE_STRIP = NO;
				GCC_C_LANGUAGE_STANDARD = gnu99;
				GCC_DYNAMIC_NO_PIC = NO;
				GCC_ENABLE_OBJC_EXCEPTIONS = YES;
				GCC_OPTIMIZATION_LEVEL = 0;
				GCC_PREPROCESSOR_DEFINITIONS = (
					"DEBUG=1",
					"$(inherited)",
				);
				GCC_SYMBOLS_PRIVATE_EXTERN = NO;
				GCC_WARN_64_TO_32_BIT_CONVERSION = YES;
				GCC_WARN_ABOUT_RETURN_TYPE = YES_ERROR;
				GCC_WARN_UNDECLARED_SELECTOR = YES;
				GCC_WARN_UNINITIALIZED_AUTOS = YES;
				GCC_WARN_UNUSED_FUNCTION = YES;
				GCC_WARN_UNUSED_VARIABLE = YES;
				MACOSX_DEPLOYMENT_TARGET = 10.8;
				ONLY_ACTIVE_ARCH = YES;
				SDKROOT = macosx;
			};
			name = Debug;
		};
		D016A959182FD80700712C60 /* Release */ = {
			isa = XCBuildConfiguration;
			buildSettings = {
				ALWAYS_SEARCH_USER_PATHS = NO;
				CLANG_CXX_LANGUAGE_STANDARD = "gnu++0x";
				CLANG_CXX_LIBRARY = "libc++";
				CLANG_ENABLE_OBJC_ARC = NO;
				CLANG_WARN_BOOL_CONVERSION = YES;
				CLANG_WARN_CONSTANT_CONVERSION = YES;
				CLANG_WARN_DIRECT_OBJC_ISA_USAGE = YES_ERROR;
				CLANG_WARN_DOCUMENTATION_COMMENTS = YES;
				CLANG_WARN_EMPTY_BODY = YES;
				CLANG_WARN_ENUM_CONVERSION = YES;
				CLANG_WARN_INT_CONVERSION = YES;
				CLANG_WARN_OBJC_ROOT_CLASS = YES_ERROR;
				CLANG_WARN__DUPLICATE_METHOD_MATCH = YES;
				COPY_PHASE_STRIP = YES;
				DEBUG_INFORMATION_FORMAT = "dwarf-with-dsym";
				ENABLE_NS_ASSERTIONS = NO;
				GCC_C_LANGUAGE_STANDARD = gnu99;
				GCC_ENABLE_OBJC_EXCEPTIONS = YES;
				GCC_OPTIMIZATION_LEVEL = 3;
				GCC_WARN_64_TO_32_BIT_CONVERSION = YES;
				GCC_WARN_ABOUT_RETURN_TYPE = YES_ERROR;
				GCC_WARN_UNDECLARED_SELECTOR = YES;
				GCC_WARN_UNINITIALIZED_AUTOS = YES;
				GCC_WARN_UNUSED_FUNCTION = YES;
				GCC_WARN_UNUSED_VARIABLE = YES;
				MACOSX_DEPLOYMENT_TARGET = 10.8;
				ONLY_ACTIVE_ARCH = NO;
				SDKROOT = macosx;
			};
			name = Release;
		};
		D016A95B182FD80700712C60 /* Debug */ = {
			isa = XCBuildConfiguration;
			buildSettings = {
				APPLY_RULES_IN_COPY_FILES = YES;
				ASSETCATALOG_COMPILER_APPICON_NAME = AppIcon;
				CLANG_ENABLE_OBJC_ARC = YES;
				CLANG_WARN_DEPRECATED_OBJC_IMPLEMENTATIONS = YES;
				CODE_SIGN_IDENTITY = "Mac Developer";
				"CODE_SIGN_IDENTITY[sdk=macosx*]" = "Mac Developer";
				COMBINE_HIDPI_IMAGES = YES;
				FRAMEWORK_SEARCH_PATHS = (
					"$(inherited)",
					"/Users/jderry/Dropbox/Development/Balthisar\\ Tidy",
					"/Users/jderry/Dropbox/Development/Balthisar\\ Tidy/Balthisar\\ Tidy/Frameworks",
				);
				GCC_PRECOMPILE_PREFIX_HEADER = YES;
				GCC_PREFIX_HEADER = "Balthisar Tidy/Balthisar Tidy-Prefix.pch";
				GCC_PREPROCESSOR_DEFINITIONS = (
					"$(inherited)",
					"INCLUDE_SPARKLE=1",
				);
				GCC_WARN_64_TO_32_BIT_CONVERSION = NO;
				INFOPLIST_FILE = "Balthisar Tidy/Balthisar Tidy-Info.plist";
				MACOSX_DEPLOYMENT_TARGET = 10.8;
				ONLY_ACTIVE_ARCH = NO;
				PRODUCT_NAME = "$(TARGET_NAME)";
				PROVISIONING_PROFILE = "";
				SDKROOT = macosx;
				WRAPPER_EXTENSION = app;
			};
			name = Debug;
		};
		D016A95C182FD80700712C60 /* Release */ = {
			isa = XCBuildConfiguration;
			buildSettings = {
				APPLY_RULES_IN_COPY_FILES = YES;
				ASSETCATALOG_COMPILER_APPICON_NAME = AppIcon;
				CLANG_ENABLE_OBJC_ARC = YES;
				CODE_SIGN_IDENTITY = "Mac Developer";
				"CODE_SIGN_IDENTITY[sdk=macosx*]" = "Mac Developer";
				COMBINE_HIDPI_IMAGES = YES;
				FRAMEWORK_SEARCH_PATHS = (
					"$(inherited)",
					"/Users/jderry/Dropbox/Development/Balthisar\\ Tidy",
					"/Users/jderry/Dropbox/Development/Balthisar\\ Tidy/Balthisar\\ Tidy/Frameworks",
				);
				GCC_PRECOMPILE_PREFIX_HEADER = YES;
				GCC_PREFIX_HEADER = "Balthisar Tidy/Balthisar Tidy-Prefix.pch";
				GCC_PREPROCESSOR_DEFINITIONS = "INCLUDE_SPARKLE=1";
				GCC_WARN_64_TO_32_BIT_CONVERSION = NO;
				INFOPLIST_FILE = "Balthisar Tidy/Balthisar Tidy-Info.plist";
				MACOSX_DEPLOYMENT_TARGET = 10.8;
				PRODUCT_NAME = "$(TARGET_NAME)";
				PROVISIONING_PROFILE = "";
				SDKROOT = macosx;
				WRAPPER_EXTENSION = app;
			};
			name = Release;
		};
		D0913CDC18B0AC06005DB2E4 /* Debug */ = {
			isa = XCBuildConfiguration;
			buildSettings = {
				APPLY_RULES_IN_COPY_FILES = YES;
				ASSETCATALOG_COMPILER_APPICON_NAME = AppIcon;
				CLANG_ENABLE_OBJC_ARC = YES;
				CLANG_WARN_DEPRECATED_OBJC_IMPLEMENTATIONS = YES;
				CODE_SIGN_ENTITLEMENTS = "Balthisar Tidy/Balthisar Tidy.entitlements";
				CODE_SIGN_IDENTITY = "Mac Developer";
				"CODE_SIGN_IDENTITY[sdk=macosx*]" = "Mac Developer";
				COMBINE_HIDPI_IMAGES = YES;
				FRAMEWORK_SEARCH_PATHS = (
					"$(inherited)",
					"/Users/jderry/Dropbox/Development/Balthisar\\ Tidy",
					"/Users/jderry/Dropbox/Development/Balthisar\\ Tidy/Balthisar\\ Tidy/Frameworks",
				);
				GCC_PRECOMPILE_PREFIX_HEADER = YES;
				GCC_PREFIX_HEADER = "Balthisar Tidy/Balthisar Tidy-Prefix.pch";
				GCC_PREPROCESSOR_DEFINITIONS = (
					"INCLUDE_SPARKLE=0",
					"$(inherited)",
				);
				GCC_WARN_64_TO_32_BIT_CONVERSION = NO;
				INFOPLIST_FILE = "Balthisar Tidy/Balthisar Tidy-Info.plist";
				MACOSX_DEPLOYMENT_TARGET = 10.8;
				ONLY_ACTIVE_ARCH = NO;
				PRODUCT_NAME = "Balthisar Tidy";
				PROVISIONING_PROFILE = "";
				WRAPPER_EXTENSION = app;
			};
			name = Debug;
		};
		D0913CDD18B0AC06005DB2E4 /* Release */ = {
			isa = XCBuildConfiguration;
			buildSettings = {
				APPLY_RULES_IN_COPY_FILES = YES;
				ASSETCATALOG_COMPILER_APPICON_NAME = AppIcon;
				CLANG_ENABLE_OBJC_ARC = YES;
				CODE_SIGN_ENTITLEMENTS = "Balthisar Tidy/Balthisar Tidy.entitlements";
				CODE_SIGN_IDENTITY = "Mac Developer";
				"CODE_SIGN_IDENTITY[sdk=macosx*]" = "Mac Developer";
				COMBINE_HIDPI_IMAGES = YES;
				FRAMEWORK_SEARCH_PATHS = (
					"$(inherited)",
					"/Users/jderry/Dropbox/Development/Balthisar\\ Tidy",
					"/Users/jderry/Dropbox/Development/Balthisar\\ Tidy/Balthisar\\ Tidy/Frameworks",
				);
				GCC_PRECOMPILE_PREFIX_HEADER = YES;
				GCC_PREFIX_HEADER = "Balthisar Tidy/Balthisar Tidy-Prefix.pch";
				GCC_PREPROCESSOR_DEFINITIONS = "INCLUDE_SPARKLE=0";
				GCC_WARN_64_TO_32_BIT_CONVERSION = NO;
				INFOPLIST_FILE = "Balthisar Tidy/Balthisar Tidy-Info.plist";
				MACOSX_DEPLOYMENT_TARGET = 10.8;
				ONLY_ACTIVE_ARCH = NO;
				PRODUCT_NAME = "Balthisar Tidy";
				PROVISIONING_PROFILE = "";
				WRAPPER_EXTENSION = app;
			};
			name = Release;
		};
/* End XCBuildConfiguration section */

/* Begin XCConfigurationList section */
		D016A921182FD80700712C60 /* Build configuration list for PBXProject "Balthisar Tidy" */ = {
			isa = XCConfigurationList;
			buildConfigurations = (
				D016A958182FD80700712C60 /* Debug */,
				D016A959182FD80700712C60 /* Release */,
			);
			defaultConfigurationIsVisible = 0;
			defaultConfigurationName = Release;
		};
		D016A95A182FD80700712C60 /* Build configuration list for PBXNativeTarget "Balthisar Tidy" */ = {
			isa = XCConfigurationList;
			buildConfigurations = (
				D016A95B182FD80700712C60 /* Debug */,
				D016A95C182FD80700712C60 /* Release */,
			);
			defaultConfigurationIsVisible = 0;
			defaultConfigurationName = Release;
		};
		D0913CDB18B0AC06005DB2E4 /* Build configuration list for PBXNativeTarget "Balthisar Tidy (no sparkle)" */ = {
			isa = XCConfigurationList;
			buildConfigurations = (
				D0913CDC18B0AC06005DB2E4 /* Debug */,
				D0913CDD18B0AC06005DB2E4 /* Release */,
			);
			defaultConfigurationIsVisible = 0;
			defaultConfigurationName = Release;
		};
/* End XCConfigurationList section */
	};
	rootObject = D016A91E182FD80700712C60 /* Project object */;
}
