// !$*UTF8*$!
{
	archiveVersion = 1;
	classes = {
	};
	objectVersion = 44;
	objects = {

/* Begin PBXBuildFile section */
		D0B3C52E0CF257E800633C82 /* buffio.h in Headers */ = {isa = PBXBuildFile; fileRef = F5CCB42B0364D26D01A80165 /* buffio.h */; };
		D0B3C52F0CF257E800633C82 /* fileio.h in Headers */ = {isa = PBXBuildFile; fileRef = F5CCB42C0364D26D01A80165 /* fileio.h */; };
		D0B3C5300CF257E800633C82 /* platform.h in Headers */ = {isa = PBXBuildFile; fileRef = F5CCB42D0364D26D01A80165 /* platform.h */; };
		D0B3C5310CF257E800633C82 /* tidy.h in Headers */ = {isa = PBXBuildFile; fileRef = F5CCB42E0364D26D01A80165 /* tidy.h */; };
		D0B3C5320CF257E800633C82 /* tidyenum.h in Headers */ = {isa = PBXBuildFile; fileRef = F5CCB42F0364D26D01A80165 /* tidyenum.h */; };
		D0B3C5330CF257E800633C82 /* access.h in Headers */ = {isa = PBXBuildFile; fileRef = F5CCB4320364D26D01A80165 /* access.h */; };
		D0B3C5340CF257E800633C82 /* attrs.h in Headers */ = {isa = PBXBuildFile; fileRef = F5CCB4370364D26D01A80165 /* attrs.h */; };
		D0B3C5350CF257E800633C82 /* clean.h in Headers */ = {isa = PBXBuildFile; fileRef = F5CCB43A0364D26D01A80165 /* clean.h */; };
		D0B3C5360CF257E800633C82 /* config.h in Headers */ = {isa = PBXBuildFile; fileRef = F5CCB43C0364D26D01A80165 /* config.h */; };
		D0B3C5370CF257E800633C82 /* entities.h in Headers */ = {isa = PBXBuildFile; fileRef = F5CCB43E0364D26D01A80165 /* entities.h */; };
		D0B3C5380CF257E800633C82 /* forward.h in Headers */ = {isa = PBXBuildFile; fileRef = F5CCB4400364D26D01A80165 /* forward.h */; };
		D0B3C5390CF257E800633C82 /* lexer.h in Headers */ = {isa = PBXBuildFile; fileRef = F5CCB4430364D26D01A80165 /* lexer.h */; };
		D0B3C53A0CF257E800633C82 /* message.h in Headers */ = {isa = PBXBuildFile; fileRef = F5CCB4450364D26D01A80165 /* message.h */; };
		D0B3C53B0CF257E800633C82 /* parser.h in Headers */ = {isa = PBXBuildFile; fileRef = F5CCB4470364D26D01A80165 /* parser.h */; };
		D0B3C53C0CF257E800633C82 /* pprint.h in Headers */ = {isa = PBXBuildFile; fileRef = F5CCB4490364D26D01A80165 /* pprint.h */; };
		D0B3C53D0CF257E800633C82 /* streamio.h in Headers */ = {isa = PBXBuildFile; fileRef = F5CCB44B0364D26D01A80165 /* streamio.h */; };
		D0B3C53E0CF257E800633C82 /* tags.h in Headers */ = {isa = PBXBuildFile; fileRef = F5CCB44E0364D26D01A80165 /* tags.h */; };
		D0B3C53F0CF257E800633C82 /* tidy-int.h in Headers */ = {isa = PBXBuildFile; fileRef = F5CCB44F0364D26D01A80165 /* tidy-int.h */; };
		D0B3C5400CF257E800633C82 /* tmbstr.h in Headers */ = {isa = PBXBuildFile; fileRef = F5CCB4520364D26D01A80165 /* tmbstr.h */; };
		D0B3C5410CF257E800633C82 /* utf8.h in Headers */ = {isa = PBXBuildFile; fileRef = F5CCB4540364D26D01A80165 /* utf8.h */; };
		D0B3C5420CF257E800633C82 /* AppController.h in Headers */ = {isa = PBXBuildFile; fileRef = F5BD14FD0368BA4E01A80166 /* AppController.h */; };
		D0B3C5430CF257E800633C82 /* PreferenceController.h in Headers */ = {isa = PBXBuildFile; fileRef = F5FE7E90037595DC01A80165 /* PreferenceController.h */; };
		D0B3C5440CF257E800633C82 /* BatchController.h in Headers */ = {isa = PBXBuildFile; fileRef = F5FE7E94037595EB01A80165 /* BatchController.h */; };
		D0B3C5450CF257E800633C82 /* TreeNode.h in Headers */ = {isa = PBXBuildFile; fileRef = F5CEFEC3037B441A01A80166 /* TreeNode.h */; };
		D0B3C5460CF257E800633C82 /* JSDTidy.h in Headers */ = {isa = PBXBuildFile; fileRef = F5E425A8039A983701A80165 /* JSDTidy.h */; };
		D0B3C5470CF257E800633C82 /* TidyDocument.h in Headers */ = {isa = PBXBuildFile; fileRef = F53C0C1303DC802601A80166 /* TidyDocument.h */; };
		D0B3C5480CF257E800633C82 /* JSDTableColumn.h in Headers */ = {isa = PBXBuildFile; fileRef = F53C160B03DCDE6401A80166 /* JSDTableColumn.h */; };
		D0B3C5490CF257E800633C82 /* OptionPaneController.h in Headers */ = {isa = PBXBuildFile; fileRef = F589D0C803ED90EB01A80165 /* OptionPaneController.h */; };
		D0B3C54A0CF257E800633C82 /* JSDTableView.h in Headers */ = {isa = PBXBuildFile; fileRef = F554CD9D03F5990701A80165 /* JSDTableView.h */; };
		D0B3C54B0CF257E800633C82 /* JSDTextView.h in Headers */ = {isa = PBXBuildFile; fileRef = F5D1F42404095DB101A80165 /* JSDTextView.h */; };
		D0B3C54D0CF257E800633C82 /* MainMenu.nib in Resources */ = {isa = PBXBuildFile; fileRef = 2A37F4B6FDCFA73011CA2CEA /* MainMenu.nib */; };
		D0B3C54E0CF257E800633C82 /* InfoPlist.strings in Resources */ = {isa = PBXBuildFile; fileRef = 089C165FFE840EACC02AAC07 /* InfoPlist.strings */; };
		D0B3C54F0CF257E800633C82 /* Batch.nib in Resources */ = {isa = PBXBuildFile; fileRef = F5D1B574036AF40C01A80165 /* Batch.nib */; };
		D0B3C5500CF257E800633C82 /* Preferences.nib in Resources */ = {isa = PBXBuildFile; fileRef = F5D1B577036AF44801A80165 /* Preferences.nib */; };
		D0B3C5510CF257E800633C82 /* iconbroom.icns in Resources */ = {isa = PBXBuildFile; fileRef = F5BBA03E0371F6C401A80165 /* iconbroom.icns */; };
		D0B3C5520CF257E800633C82 /* iconhtm.icns in Resources */ = {isa = PBXBuildFile; fileRef = F5BBA03F0371F6C401A80165 /* iconhtm.icns */; };
		D0B3C5530CF257E800633C82 /* iconhtml.icns in Resources */ = {isa = PBXBuildFile; fileRef = F5BBA0400371F6C401A80165 /* iconhtml.icns */; };
		D0B3C5540CF257E800633C82 /* iconphp.icns in Resources */ = {isa = PBXBuildFile; fileRef = F5BBA0410371F6C401A80165 /* iconphp.icns */; };
		D0B3C5550CF257E800633C82 /* Localizable.strings in Resources */ = {isa = PBXBuildFile; fileRef = F56A531C0378639001A80165 /* Localizable.strings */; };
		D0B3C5560CF257E800633C82 /* TidyDocument.nib in Resources */ = {isa = PBXBuildFile; fileRef = F53C0C0E03DC7F9401A80166 /* TidyDocument.nib */; };
		D0B3C5570CF257E800633C82 /* optionsInEffect.txt in Resources */ = {isa = PBXBuildFile; fileRef = F54086D703E47DAE01A80165 /* optionsInEffect.txt */; };
		D0B3C5580CF257E800633C82 /* OptionPane.nib in Resources */ = {isa = PBXBuildFile; fileRef = F56B449C03EB3B8E01A80165 /* OptionPane.nib */; };
		D0B3C5590CF257E800633C82 /* optionsTypesExceptions.txt in Resources */ = {isa = PBXBuildFile; fileRef = F589D0DC03EDB68501A80165 /* optionsTypesExceptions.txt */; };
		D0B3C55B0CF257E800633C82 /* access.c in Sources */ = {isa = PBXBuildFile; fileRef = F5CCB4310364D26D01A80165 /* access.c */; };
		D0B3C55C0CF257E800633C82 /* alloc.c in Sources */ = {isa = PBXBuildFile; fileRef = F5CCB4330364D26D01A80165 /* alloc.c */; };
		D0B3C55D0CF257E800633C82 /* attrask.c in Sources */ = {isa = PBXBuildFile; fileRef = F5CCB4340364D26D01A80165 /* attrask.c */; };
		D0B3C55E0CF257E800633C82 /* attrget.c in Sources */ = {isa = PBXBuildFile; fileRef = F5CCB4350364D26D01A80165 /* attrget.c */; };
		D0B3C55F0CF257E800633C82 /* attrs.c in Sources */ = {isa = PBXBuildFile; fileRef = F5CCB4360364D26D01A80165 /* attrs.c */; };
		D0B3C5600CF257E800633C82 /* buffio.c in Sources */ = {isa = PBXBuildFile; fileRef = F5CCB4380364D26D01A80165 /* buffio.c */; };
		D0B3C5610CF257E800633C82 /* clean.c in Sources */ = {isa = PBXBuildFile; fileRef = F5CCB4390364D26D01A80165 /* clean.c */; };
		D0B3C5620CF257E800633C82 /* config.c in Sources */ = {isa = PBXBuildFile; fileRef = F5CCB43B0364D26D01A80165 /* config.c */; };
		D0B3C5630CF257E800633C82 /* entities.c in Sources */ = {isa = PBXBuildFile; fileRef = F5CCB43D0364D26D01A80165 /* entities.c */; };
		D0B3C5640CF257E800633C82 /* fileio.c in Sources */ = {isa = PBXBuildFile; fileRef = F5CCB43F0364D26D01A80165 /* fileio.c */; };
		D0B3C5650CF257E800633C82 /* istack.c in Sources */ = {isa = PBXBuildFile; fileRef = F5CCB4410364D26D01A80165 /* istack.c */; };
		D0B3C5660CF257E800633C82 /* lexer.c in Sources */ = {isa = PBXBuildFile; fileRef = F5CCB4420364D26D01A80165 /* lexer.c */; };
		D0B3C5670CF257E800633C82 /* localize.c in Sources */ = {isa = PBXBuildFile; fileRef = F5CCB4440364D26D01A80165 /* localize.c */; };
		D0B3C5680CF257E800633C82 /* parser.c in Sources */ = {isa = PBXBuildFile; fileRef = F5CCB4460364D26D01A80165 /* parser.c */; };
		D0B3C5690CF257E800633C82 /* pprint.c in Sources */ = {isa = PBXBuildFile; fileRef = F5CCB4480364D26D01A80165 /* pprint.c */; };
		D0B3C56A0CF257E800633C82 /* streamio.c in Sources */ = {isa = PBXBuildFile; fileRef = F5CCB44A0364D26D01A80165 /* streamio.c */; };
		D0B3C56B0CF257E800633C82 /* tagask.c in Sources */ = {isa = PBXBuildFile; fileRef = F5CCB44C0364D26D01A80165 /* tagask.c */; };
		D0B3C56C0CF257E800633C82 /* tags.c in Sources */ = {isa = PBXBuildFile; fileRef = F5CCB44D0364D26D01A80165 /* tags.c */; };
		D0B3C56D0CF257E800633C82 /* tidylib.c in Sources */ = {isa = PBXBuildFile; fileRef = F5CCB4500364D26D01A80165 /* tidylib.c */; };
		D0B3C56E0CF257E800633C82 /* tmbstr.c in Sources */ = {isa = PBXBuildFile; fileRef = F5CCB4510364D26D01A80165 /* tmbstr.c */; };
		D0B3C56F0CF257E800633C82 /* utf8.c in Sources */ = {isa = PBXBuildFile; fileRef = F5CCB4530364D26D01A80165 /* utf8.c */; };
		D0B3C5700CF257E800633C82 /* AppController.m in Sources */ = {isa = PBXBuildFile; fileRef = F5BD14FE0368BA4E01A80166 /* AppController.m */; };
		D0B3C5710CF257E800633C82 /* PreferenceController.m in Sources */ = {isa = PBXBuildFile; fileRef = F5FE7E91037595DC01A80165 /* PreferenceController.m */; };
		D0B3C5720CF257E800633C82 /* BatchController.m in Sources */ = {isa = PBXBuildFile; fileRef = F5FE7E95037595EB01A80165 /* BatchController.m */; };
		D0B3C5730CF257E800633C82 /* TreeNode.m in Sources */ = {isa = PBXBuildFile; fileRef = F5CEFEC4037B441A01A80166 /* TreeNode.m */; };
		D0B3C5740CF257E800633C82 /* JSDTidy.m in Sources */ = {isa = PBXBuildFile; fileRef = F5E425A9039A983701A80165 /* JSDTidy.m */; };
		D0B3C5750CF257E800633C82 /* TidyDocument.m in Sources */ = {isa = PBXBuildFile; fileRef = F53C0C1403DC802601A80166 /* TidyDocument.m */; };
		D0B3C5760CF257E800633C82 /* JSDTableColumn.m in Sources */ = {isa = PBXBuildFile; fileRef = F53C160C03DCDE6401A80166 /* JSDTableColumn.m */; };
		D0B3C5770CF257E800633C82 /* OptionPaneController.m in Sources */ = {isa = PBXBuildFile; fileRef = F589D0C903ED90EB01A80165 /* OptionPaneController.m */; };
		D0B3C5780CF257E800633C82 /* main.m in Sources */ = {isa = PBXBuildFile; fileRef = 2A37F4B0FDCFA73011CA2CEA /* main.m */; };
		D0B3C5790CF257E800633C82 /* JSDTableView.m in Sources */ = {isa = PBXBuildFile; fileRef = F554CD9E03F5990701A80165 /* JSDTableView.m */; };
		D0B3C57A0CF257E800633C82 /* JSDTextView.m in Sources */ = {isa = PBXBuildFile; fileRef = F5D1F42504095DB101A80165 /* JSDTextView.m */; };
		D0B3C57C0CF257E800633C82 /* Cocoa.framework in Frameworks */ = {isa = PBXBuildFile; fileRef = 1058C7A7FEA54F5311CA2CBB /* Cocoa.framework */; };
		D0B3C5860CF258A800633C82 /* Balthisar Tidy.plist in Resources */ = {isa = PBXBuildFile; fileRef = D0B3C5850CF258A800633C82 /* Balthisar Tidy.plist */; };
/* End PBXBuildFile section */

/* Begin PBXFileReference section */
		089C1660FE840EACC02AAC07 /* English */ = {isa = PBXFileReference; fileEncoding = 10; lastKnownFileType = text.plist.strings; name = English; path = English.lproj/InfoPlist.strings; sourceTree = "<group>"; };
		1058C7A7FEA54F5311CA2CBB /* Cocoa.framework */ = {isa = PBXFileReference; lastKnownFileType = wrapper.framework; name = Cocoa.framework; path = /System/Library/Frameworks/Cocoa.framework; sourceTree = "<absolute>"; };
		2A37F4B0FDCFA73011CA2CEA /* main.m */ = {isa = PBXFileReference; fileEncoding = 30; lastKnownFileType = sourcecode.c.objc; path = main.m; sourceTree = "<group>"; };
		2A37F4B7FDCFA73011CA2CEA /* English */ = {isa = PBXFileReference; lastKnownFileType = wrapper.nib; name = English; path = English.lproj/MainMenu.nib; sourceTree = "<group>"; };
		2A37F4C4FDCFA73011CA2CEA /* AppKit.framework */ = {isa = PBXFileReference; lastKnownFileType = wrapper.framework; name = AppKit.framework; path = /System/Library/Frameworks/AppKit.framework; sourceTree = "<absolute>"; };
		2A37F4C5FDCFA73011CA2CEA /* Foundation.framework */ = {isa = PBXFileReference; lastKnownFileType = wrapper.framework; name = Foundation.framework; path = /System/Library/Frameworks/Foundation.framework; sourceTree = "<absolute>"; };
		D0B3C5810CF257E800633C82 /* Balthisar Tidy.app */ = {isa = PBXFileReference; explicitFileType = wrapper.application; includeInIndex = 0; path = "Balthisar Tidy.app"; sourceTree = BUILT_PRODUCTS_DIR; };
		D0B3C5850CF258A800633C82 /* Balthisar Tidy.plist */ = {isa = PBXFileReference; fileEncoding = 4; lastKnownFileType = text.plist.xml; path = "Balthisar Tidy.plist"; sourceTree = "<group>"; };
		F53BB0B703EE056301A80165 /* README.rtf */ = {isa = PBXFileReference; lastKnownFileType = text.rtf; path = README.rtf; sourceTree = "<group>"; };
		F53C0C0F03DC7F9401A80166 /* English */ = {isa = PBXFileReference; lastKnownFileType = wrapper.nib; name = English; path = English.lproj/TidyDocument.nib; sourceTree = "<group>"; };
		F53C0C1303DC802601A80166 /* TidyDocument.h */ = {isa = PBXFileReference; lastKnownFileType = sourcecode.c.h; name = TidyDocument.h; path = "Classes/App Pieces/TidyDocument.h"; sourceTree = SOURCE_ROOT; };
		F53C0C1403DC802601A80166 /* TidyDocument.m */ = {isa = PBXFileReference; lastKnownFileType = sourcecode.c.objc; name = TidyDocument.m; path = "Classes/App Pieces/TidyDocument.m"; sourceTree = SOURCE_ROOT; };
		F53C160B03DCDE6401A80166 /* JSDTableColumn.h */ = {isa = PBXFileReference; lastKnownFileType = sourcecode.c.h; name = JSDTableColumn.h; path = "Classes/Support Pieces/JSDTableColumn.h"; sourceTree = SOURCE_ROOT; };
		F53C160C03DCDE6401A80166 /* JSDTableColumn.m */ = {isa = PBXFileReference; lastKnownFileType = sourcecode.c.objc; name = JSDTableColumn.m; path = "Classes/Support Pieces/JSDTableColumn.m"; sourceTree = SOURCE_ROOT; };
		F54086D803E47DAE01A80165 /* English */ = {isa = PBXFileReference; lastKnownFileType = text; name = English; path = English.lproj/optionsInEffect.txt; sourceTree = "<group>"; };
		F554CD9D03F5990701A80165 /* JSDTableView.h */ = {isa = PBXFileReference; lastKnownFileType = sourcecode.c.h; name = JSDTableView.h; path = "Classes/Support Pieces/JSDTableView.h"; sourceTree = SOURCE_ROOT; };
		F554CD9E03F5990701A80165 /* JSDTableView.m */ = {isa = PBXFileReference; lastKnownFileType = sourcecode.c.objc; name = JSDTableView.m; path = "Classes/Support Pieces/JSDTableView.m"; sourceTree = SOURCE_ROOT; };
		F56A531D0378639001A80165 /* English */ = {isa = PBXFileReference; fileEncoding = 10; lastKnownFileType = text.plist.strings; name = English; path = English.lproj/Localizable.strings; sourceTree = "<group>"; };
		F56B449D03EB3B8E01A80165 /* English */ = {isa = PBXFileReference; lastKnownFileType = wrapper.nib; name = English; path = English.lproj/OptionPane.nib; sourceTree = "<group>"; };
		F589D0C803ED90EB01A80165 /* OptionPaneController.h */ = {isa = PBXFileReference; lastKnownFileType = sourcecode.c.h; name = OptionPaneController.h; path = "Classes/App Pieces/OptionPaneController.h"; sourceTree = SOURCE_ROOT; };
		F589D0C903ED90EB01A80165 /* OptionPaneController.m */ = {isa = PBXFileReference; lastKnownFileType = sourcecode.c.objc; name = OptionPaneController.m; path = "Classes/App Pieces/OptionPaneController.m"; sourceTree = SOURCE_ROOT; };
		F589D0DD03EDB68501A80165 /* English */ = {isa = PBXFileReference; lastKnownFileType = text; name = English; path = English.lproj/optionsTypesExceptions.txt; sourceTree = "<group>"; };
		F5BBA03E0371F6C401A80165 /* iconbroom.icns */ = {isa = PBXFileReference; lastKnownFileType = image.icns; name = iconbroom.icns; path = "Graphics, Included/iconbroom.icns"; sourceTree = "<group>"; };
		F5BBA03F0371F6C401A80165 /* iconhtm.icns */ = {isa = PBXFileReference; lastKnownFileType = image.icns; name = iconhtm.icns; path = "Graphics, Included/iconhtm.icns"; sourceTree = "<group>"; };
		F5BBA0400371F6C401A80165 /* iconhtml.icns */ = {isa = PBXFileReference; lastKnownFileType = image.icns; name = iconhtml.icns; path = "Graphics, Included/iconhtml.icns"; sourceTree = "<group>"; };
		F5BBA0410371F6C401A80165 /* iconphp.icns */ = {isa = PBXFileReference; lastKnownFileType = image.icns; name = iconphp.icns; path = "Graphics, Included/iconphp.icns"; sourceTree = "<group>"; };
		F5BD14FD0368BA4E01A80166 /* AppController.h */ = {isa = PBXFileReference; lastKnownFileType = sourcecode.c.h; name = AppController.h; path = "Classes/App Pieces/AppController.h"; sourceTree = SOURCE_ROOT; };
		F5BD14FE0368BA4E01A80166 /* AppController.m */ = {isa = PBXFileReference; lastKnownFileType = sourcecode.c.objc; name = AppController.m; path = "Classes/App Pieces/AppController.m"; sourceTree = SOURCE_ROOT; };
		F5CCB4280364D26D01A80165 /* tab2space.c */ = {isa = PBXFileReference; lastKnownFileType = sourcecode.c.c; path = tab2space.c; sourceTree = "<group>"; };
		F5CCB4290364D26D01A80165 /* tidy.c */ = {isa = PBXFileReference; lastKnownFileType = sourcecode.c.c; path = tidy.c; sourceTree = "<group>"; };
		F5CCB42B0364D26D01A80165 /* buffio.h */ = {isa = PBXFileReference; lastKnownFileType = sourcecode.c.h; path = buffio.h; sourceTree = "<group>"; };
		F5CCB42C0364D26D01A80165 /* fileio.h */ = {isa = PBXFileReference; lastKnownFileType = sourcecode.c.h; path = fileio.h; sourceTree = "<group>"; };
		F5CCB42D0364D26D01A80165 /* platform.h */ = {isa = PBXFileReference; lastKnownFileType = sourcecode.c.h; path = platform.h; sourceTree = "<group>"; };
		F5CCB42E0364D26D01A80165 /* tidy.h */ = {isa = PBXFileReference; lastKnownFileType = sourcecode.c.h; path = tidy.h; sourceTree = "<group>"; };
		F5CCB42F0364D26D01A80165 /* tidyenum.h */ = {isa = PBXFileReference; lastKnownFileType = sourcecode.c.h; path = tidyenum.h; sourceTree = "<group>"; };
		F5CCB4310364D26D01A80165 /* access.c */ = {isa = PBXFileReference; lastKnownFileType = sourcecode.c.c; path = access.c; sourceTree = "<group>"; };
		F5CCB4320364D26D01A80165 /* access.h */ = {isa = PBXFileReference; lastKnownFileType = sourcecode.c.h; path = access.h; sourceTree = "<group>"; };
		F5CCB4330364D26D01A80165 /* alloc.c */ = {isa = PBXFileReference; lastKnownFileType = sourcecode.c.c; path = alloc.c; sourceTree = "<group>"; };
		F5CCB4340364D26D01A80165 /* attrask.c */ = {isa = PBXFileReference; lastKnownFileType = sourcecode.c.c; path = attrask.c; sourceTree = "<group>"; };
		F5CCB4350364D26D01A80165 /* attrget.c */ = {isa = PBXFileReference; lastKnownFileType = sourcecode.c.c; path = attrget.c; sourceTree = "<group>"; };
		F5CCB4360364D26D01A80165 /* attrs.c */ = {isa = PBXFileReference; lastKnownFileType = sourcecode.c.c; path = attrs.c; sourceTree = "<group>"; };
		F5CCB4370364D26D01A80165 /* attrs.h */ = {isa = PBXFileReference; lastKnownFileType = sourcecode.c.h; path = attrs.h; sourceTree = "<group>"; };
		F5CCB4380364D26D01A80165 /* buffio.c */ = {isa = PBXFileReference; lastKnownFileType = sourcecode.c.c; path = buffio.c; sourceTree = "<group>"; };
		F5CCB4390364D26D01A80165 /* clean.c */ = {isa = PBXFileReference; lastKnownFileType = sourcecode.c.c; path = clean.c; sourceTree = "<group>"; };
		F5CCB43A0364D26D01A80165 /* clean.h */ = {isa = PBXFileReference; lastKnownFileType = sourcecode.c.h; path = clean.h; sourceTree = "<group>"; };
		F5CCB43B0364D26D01A80165 /* config.c */ = {isa = PBXFileReference; lastKnownFileType = sourcecode.c.c; path = config.c; sourceTree = "<group>"; };
		F5CCB43C0364D26D01A80165 /* config.h */ = {isa = PBXFileReference; lastKnownFileType = sourcecode.c.h; path = config.h; sourceTree = "<group>"; };
		F5CCB43D0364D26D01A80165 /* entities.c */ = {isa = PBXFileReference; lastKnownFileType = sourcecode.c.c; path = entities.c; sourceTree = "<group>"; };
		F5CCB43E0364D26D01A80165 /* entities.h */ = {isa = PBXFileReference; lastKnownFileType = sourcecode.c.h; path = entities.h; sourceTree = "<group>"; };
		F5CCB43F0364D26D01A80165 /* fileio.c */ = {isa = PBXFileReference; lastKnownFileType = sourcecode.c.c; path = fileio.c; sourceTree = "<group>"; };
		F5CCB4400364D26D01A80165 /* forward.h */ = {isa = PBXFileReference; lastKnownFileType = sourcecode.c.h; path = forward.h; sourceTree = "<group>"; };
		F5CCB4410364D26D01A80165 /* istack.c */ = {isa = PBXFileReference; lastKnownFileType = sourcecode.c.c; path = istack.c; sourceTree = "<group>"; };
		F5CCB4420364D26D01A80165 /* lexer.c */ = {isa = PBXFileReference; lastKnownFileType = sourcecode.c.c; path = lexer.c; sourceTree = "<group>"; };
		F5CCB4430364D26D01A80165 /* lexer.h */ = {isa = PBXFileReference; lastKnownFileType = sourcecode.c.h; path = lexer.h; sourceTree = "<group>"; };
		F5CCB4440364D26D01A80165 /* localize.c */ = {isa = PBXFileReference; lastKnownFileType = sourcecode.c.c; path = localize.c; sourceTree = "<group>"; };
		F5CCB4450364D26D01A80165 /* message.h */ = {isa = PBXFileReference; lastKnownFileType = sourcecode.c.h; path = message.h; sourceTree = "<group>"; };
		F5CCB4460364D26D01A80165 /* parser.c */ = {isa = PBXFileReference; lastKnownFileType = sourcecode.c.c; path = parser.c; sourceTree = "<group>"; };
		F5CCB4470364D26D01A80165 /* parser.h */ = {isa = PBXFileReference; lastKnownFileType = sourcecode.c.h; path = parser.h; sourceTree = "<group>"; };
		F5CCB4480364D26D01A80165 /* pprint.c */ = {isa = PBXFileReference; lastKnownFileType = sourcecode.c.c; path = pprint.c; sourceTree = "<group>"; };
		F5CCB4490364D26D01A80165 /* pprint.h */ = {isa = PBXFileReference; lastKnownFileType = sourcecode.c.h; path = pprint.h; sourceTree = "<group>"; };
		F5CCB44A0364D26D01A80165 /* streamio.c */ = {isa = PBXFileReference; lastKnownFileType = sourcecode.c.c; path = streamio.c; sourceTree = "<group>"; };
		F5CCB44B0364D26D01A80165 /* streamio.h */ = {isa = PBXFileReference; lastKnownFileType = sourcecode.c.h; path = streamio.h; sourceTree = "<group>"; };
		F5CCB44C0364D26D01A80165 /* tagask.c */ = {isa = PBXFileReference; lastKnownFileType = sourcecode.c.c; path = tagask.c; sourceTree = "<group>"; };
		F5CCB44D0364D26D01A80165 /* tags.c */ = {isa = PBXFileReference; lastKnownFileType = sourcecode.c.c; path = tags.c; sourceTree = "<group>"; };
		F5CCB44E0364D26D01A80165 /* tags.h */ = {isa = PBXFileReference; lastKnownFileType = sourcecode.c.h; path = tags.h; sourceTree = "<group>"; };
		F5CCB44F0364D26D01A80165 /* tidy-int.h */ = {isa = PBXFileReference; lastKnownFileType = sourcecode.c.h; path = "tidy-int.h"; sourceTree = "<group>"; };
		F5CCB4500364D26D01A80165 /* tidylib.c */ = {isa = PBXFileReference; lastKnownFileType = sourcecode.c.c; path = tidylib.c; sourceTree = "<group>"; };
		F5CCB4510364D26D01A80165 /* tmbstr.c */ = {isa = PBXFileReference; lastKnownFileType = sourcecode.c.c; path = tmbstr.c; sourceTree = "<group>"; };
		F5CCB4520364D26D01A80165 /* tmbstr.h */ = {isa = PBXFileReference; lastKnownFileType = sourcecode.c.h; path = tmbstr.h; sourceTree = "<group>"; };
		F5CCB4530364D26D01A80165 /* utf8.c */ = {isa = PBXFileReference; lastKnownFileType = sourcecode.c.c; path = utf8.c; sourceTree = "<group>"; };
		F5CCB4540364D26D01A80165 /* utf8.h */ = {isa = PBXFileReference; lastKnownFileType = sourcecode.c.h; path = utf8.h; sourceTree = "<group>"; };
		F5CEFEC3037B441A01A80166 /* TreeNode.h */ = {isa = PBXFileReference; lastKnownFileType = sourcecode.c.h; name = TreeNode.h; path = "Classes/Support Pieces/TreeNode.h"; sourceTree = SOURCE_ROOT; };
		F5CEFEC4037B441A01A80166 /* TreeNode.m */ = {isa = PBXFileReference; lastKnownFileType = sourcecode.c.objc; name = TreeNode.m; path = "Classes/Support Pieces/TreeNode.m"; sourceTree = SOURCE_ROOT; };
		F5D1B575036AF40C01A80165 /* English */ = {isa = PBXFileReference; lastKnownFileType = wrapper.nib; name = English; path = English.lproj/Batch.nib; sourceTree = "<group>"; };
		F5D1B578036AF44801A80165 /* English */ = {isa = PBXFileReference; lastKnownFileType = wrapper.nib; name = English; path = English.lproj/Preferences.nib; sourceTree = "<group>"; };
		F5D1F42404095DB101A80165 /* JSDTextView.h */ = {isa = PBXFileReference; lastKnownFileType = sourcecode.c.h; name = JSDTextView.h; path = "Classes/Support Pieces/JSDTextView.h"; sourceTree = SOURCE_ROOT; };
		F5D1F42504095DB101A80165 /* JSDTextView.m */ = {isa = PBXFileReference; lastKnownFileType = sourcecode.c.objc; name = JSDTextView.m; path = "Classes/Support Pieces/JSDTextView.m"; sourceTree = SOURCE_ROOT; };
		F5DCE620041BD59401A80165 /* JSDTidy.rtf */ = {isa = PBXFileReference; lastKnownFileType = text.rtf; name = JSDTidy.rtf; path = Classes/JSDTidy/JSDTidy.rtf; sourceTree = SOURCE_ROOT; };
		F5E425A8039A983701A80165 /* JSDTidy.h */ = {isa = PBXFileReference; lastKnownFileType = sourcecode.c.h; name = JSDTidy.h; path = Classes/JSDTidy/JSDTidy.h; sourceTree = SOURCE_ROOT; };
		F5E425A9039A983701A80165 /* JSDTidy.m */ = {isa = PBXFileReference; lastKnownFileType = sourcecode.c.objc; name = JSDTidy.m; path = Classes/JSDTidy/JSDTidy.m; sourceTree = SOURCE_ROOT; };
		F5FE7E90037595DC01A80165 /* PreferenceController.h */ = {isa = PBXFileReference; lastKnownFileType = sourcecode.c.h; name = PreferenceController.h; path = "Classes/App Pieces/PreferenceController.h"; sourceTree = SOURCE_ROOT; };
		F5FE7E91037595DC01A80165 /* PreferenceController.m */ = {isa = PBXFileReference; lastKnownFileType = sourcecode.c.objc; name = PreferenceController.m; path = "Classes/App Pieces/PreferenceController.m"; sourceTree = SOURCE_ROOT; };
		F5FE7E94037595EB01A80165 /* BatchController.h */ = {isa = PBXFileReference; lastKnownFileType = sourcecode.c.h; name = BatchController.h; path = "Classes/App Pieces/BatchController.h"; sourceTree = SOURCE_ROOT; };
		F5FE7E95037595EB01A80165 /* BatchController.m */ = {isa = PBXFileReference; lastKnownFileType = sourcecode.c.objc; name = BatchController.m; path = "Classes/App Pieces/BatchController.m"; sourceTree = SOURCE_ROOT; };
/* End PBXFileReference section */

/* Begin PBXFrameworksBuildPhase section */
		D0B3C57B0CF257E800633C82 /* Frameworks */ = {
			isa = PBXFrameworksBuildPhase;
			buildActionMask = 2147483647;
			files = (
				D0B3C57C0CF257E800633C82 /* Cocoa.framework in Frameworks */,
			);
			runOnlyForDeploymentPostprocessing = 0;
		};
/* End PBXFrameworksBuildPhase section */

/* Begin PBXGroup section */
		1058C7A6FEA54F5311CA2CBB /* Linked Frameworks */ = {
			isa = PBXGroup;
			children = (
				1058C7A7FEA54F5311CA2CBB /* Cocoa.framework */,
			);
			name = "Linked Frameworks";
			sourceTree = "<group>";
		};
		1058C7A8FEA54F5311CA2CBB /* Other Frameworks */ = {
			isa = PBXGroup;
			children = (
				2A37F4C5FDCFA73011CA2CEA /* Foundation.framework */,
				2A37F4C4FDCFA73011CA2CEA /* AppKit.framework */,
			);
			name = "Other Frameworks";
			sourceTree = "<group>";
		};
		19C28FB0FE9D524F11CA2CBB /* Products */ = {
			isa = PBXGroup;
			children = (
				D0B3C5810CF257E800633C82 /* Balthisar Tidy.app */,
			);
			name = Products;
			sourceTree = "<group>";
		};
		2A37F4AAFDCFA73011CA2CEA /* Balthisar Tidy */ = {
			isa = PBXGroup;
			children = (
				F53BB0B703EE056301A80165 /* README.rtf */,
				2A37F4ABFDCFA73011CA2CEA /* Classes */,
				2A37F4AFFDCFA73011CA2CEA /* Other Sources */,
				2A37F4B8FDCFA73011CA2CEA /* Resources */,
				2A37F4C3FDCFA73011CA2CEA /* Frameworks */,
				19C28FB0FE9D524F11CA2CBB /* Products */,
			);
			name = "Balthisar Tidy";
			sourceTree = "<group>";
		};
		2A37F4ABFDCFA73011CA2CEA /* Classes */ = {
			isa = PBXGroup;
			children = (
				F56B449503EB35EE01A80165 /* App Pieces */,
				F56B449603EB360C01A80165 /* Support Pieces */,
				F56B449703EB363401A80165 /* JSDTidy */,
			);
			path = Classes;
			sourceTree = SOURCE_ROOT;
		};
		2A37F4AFFDCFA73011CA2CEA /* Other Sources */ = {
			isa = PBXGroup;
			children = (
				F5CCB4250364D26D01A80165 /* tidylib-src */,
				2A37F4B0FDCFA73011CA2CEA /* main.m */,
			);
			name = "Other Sources";
			sourceTree = "<group>";
		};
		2A37F4B8FDCFA73011CA2CEA /* Resources */ = {
			isa = PBXGroup;
			children = (
				D0B3C5850CF258A800633C82 /* Balthisar Tidy.plist */,
				F56A531C0378639001A80165 /* Localizable.strings */,
				F54086D703E47DAE01A80165 /* optionsInEffect.txt */,
				F589D0DC03EDB68501A80165 /* optionsTypesExceptions.txt */,
				F57707310371F19101A80165 /* icons */,
				2A37F4B6FDCFA73011CA2CEA /* MainMenu.nib */,
				F5D1B574036AF40C01A80165 /* Batch.nib */,
				F5D1B577036AF44801A80165 /* Preferences.nib */,
				F56B449C03EB3B8E01A80165 /* OptionPane.nib */,
				089C165FFE840EACC02AAC07 /* InfoPlist.strings */,
				F53C0C0E03DC7F9401A80166 /* TidyDocument.nib */,
			);
			name = Resources;
			sourceTree = "<group>";
		};
		2A37F4C3FDCFA73011CA2CEA /* Frameworks */ = {
			isa = PBXGroup;
			children = (
				1058C7A6FEA54F5311CA2CBB /* Linked Frameworks */,
				1058C7A8FEA54F5311CA2CBB /* Other Frameworks */,
			);
			name = Frameworks;
			sourceTree = "<group>";
		};
		F56B449503EB35EE01A80165 /* App Pieces */ = {
			isa = PBXGroup;
			children = (
				F5BD14FD0368BA4E01A80166 /* AppController.h */,
				F5BD14FE0368BA4E01A80166 /* AppController.m */,
				F5FE7E94037595EB01A80165 /* BatchController.h */,
				F5FE7E95037595EB01A80165 /* BatchController.m */,
				F5FE7E90037595DC01A80165 /* PreferenceController.h */,
				F5FE7E91037595DC01A80165 /* PreferenceController.m */,
				F53C0C1303DC802601A80166 /* TidyDocument.h */,
				F53C0C1403DC802601A80166 /* TidyDocument.m */,
				F589D0C803ED90EB01A80165 /* OptionPaneController.h */,
				F589D0C903ED90EB01A80165 /* OptionPaneController.m */,
			);
			name = "App Pieces";
			path = "Classes/App Pieces";
			sourceTree = SOURCE_ROOT;
		};
		F56B449603EB360C01A80165 /* Support Pieces */ = {
			isa = PBXGroup;
			children = (
				F554CD9D03F5990701A80165 /* JSDTableView.h */,
				F554CD9E03F5990701A80165 /* JSDTableView.m */,
				F53C160B03DCDE6401A80166 /* JSDTableColumn.h */,
				F53C160C03DCDE6401A80166 /* JSDTableColumn.m */,
				F5CEFEC3037B441A01A80166 /* TreeNode.h */,
				F5CEFEC4037B441A01A80166 /* TreeNode.m */,
				F5D1F42404095DB101A80165 /* JSDTextView.h */,
				F5D1F42504095DB101A80165 /* JSDTextView.m */,
			);
			name = "Support Pieces";
			path = "Classes/Support Pieces";
			sourceTree = SOURCE_ROOT;
		};
		F56B449703EB363401A80165 /* JSDTidy */ = {
			isa = PBXGroup;
			children = (
				F5DCE620041BD59401A80165 /* JSDTidy.rtf */,
				F5E425A8039A983701A80165 /* JSDTidy.h */,
				F5E425A9039A983701A80165 /* JSDTidy.m */,
			);
			name = JSDTidy;
			path = Classes/JSDTidy;
			sourceTree = SOURCE_ROOT;
		};
		F57707310371F19101A80165 /* icons */ = {
			isa = PBXGroup;
			children = (
				F5BBA03E0371F6C401A80165 /* iconbroom.icns */,
				F5BBA03F0371F6C401A80165 /* iconhtm.icns */,
				F5BBA0400371F6C401A80165 /* iconhtml.icns */,
				F5BBA0410371F6C401A80165 /* iconphp.icns */,
			);
			name = icons;
			sourceTree = "<group>";
		};
		F5CCB4250364D26D01A80165 /* tidylib-src */ = {
			isa = PBXGroup;
			children = (
				F5CCB4270364D26D01A80165 /* console */,
				F5CCB42A0364D26D01A80165 /* include */,
				F5CCB4300364D26D01A80165 /* src */,
			);
			path = "tidylib-src";
			sourceTree = "<group>";
		};
		F5CCB4270364D26D01A80165 /* console */ = {
			isa = PBXGroup;
			children = (
				F5CCB4280364D26D01A80165 /* tab2space.c */,
				F5CCB4290364D26D01A80165 /* tidy.c */,
			);
			path = console;
			sourceTree = "<group>";
		};
		F5CCB42A0364D26D01A80165 /* include */ = {
			isa = PBXGroup;
			children = (
				F5CCB42B0364D26D01A80165 /* buffio.h */,
				F5CCB42C0364D26D01A80165 /* fileio.h */,
				F5CCB42D0364D26D01A80165 /* platform.h */,
				F5CCB42E0364D26D01A80165 /* tidy.h */,
				F5CCB42F0364D26D01A80165 /* tidyenum.h */,
			);
			path = include;
			sourceTree = "<group>";
		};
		F5CCB4300364D26D01A80165 /* src */ = {
			isa = PBXGroup;
			children = (
				F5CCB4310364D26D01A80165 /* access.c */,
				F5CCB4320364D26D01A80165 /* access.h */,
				F5CCB4330364D26D01A80165 /* alloc.c */,
				F5CCB4340364D26D01A80165 /* attrask.c */,
				F5CCB4350364D26D01A80165 /* attrget.c */,
				F5CCB4360364D26D01A80165 /* attrs.c */,
				F5CCB4370364D26D01A80165 /* attrs.h */,
				F5CCB4380364D26D01A80165 /* buffio.c */,
				F5CCB4390364D26D01A80165 /* clean.c */,
				F5CCB43A0364D26D01A80165 /* clean.h */,
				F5CCB43B0364D26D01A80165 /* config.c */,
				F5CCB43C0364D26D01A80165 /* config.h */,
				F5CCB43D0364D26D01A80165 /* entities.c */,
				F5CCB43E0364D26D01A80165 /* entities.h */,
				F5CCB43F0364D26D01A80165 /* fileio.c */,
				F5CCB4400364D26D01A80165 /* forward.h */,
				F5CCB4410364D26D01A80165 /* istack.c */,
				F5CCB4420364D26D01A80165 /* lexer.c */,
				F5CCB4430364D26D01A80165 /* lexer.h */,
				F5CCB4440364D26D01A80165 /* localize.c */,
				F5CCB4450364D26D01A80165 /* message.h */,
				F5CCB4460364D26D01A80165 /* parser.c */,
				F5CCB4470364D26D01A80165 /* parser.h */,
				F5CCB4480364D26D01A80165 /* pprint.c */,
				F5CCB4490364D26D01A80165 /* pprint.h */,
				F5CCB44A0364D26D01A80165 /* streamio.c */,
				F5CCB44B0364D26D01A80165 /* streamio.h */,
				F5CCB44C0364D26D01A80165 /* tagask.c */,
				F5CCB44D0364D26D01A80165 /* tags.c */,
				F5CCB44E0364D26D01A80165 /* tags.h */,
				F5CCB44F0364D26D01A80165 /* tidy-int.h */,
				F5CCB4500364D26D01A80165 /* tidylib.c */,
				F5CCB4510364D26D01A80165 /* tmbstr.c */,
				F5CCB4520364D26D01A80165 /* tmbstr.h */,
				F5CCB4530364D26D01A80165 /* utf8.c */,
				F5CCB4540364D26D01A80165 /* utf8.h */,
			);
			path = src;
			sourceTree = "<group>";
		};
/* End PBXGroup section */

/* Begin PBXHeadersBuildPhase section */
		D0B3C52D0CF257E800633C82 /* Headers */ = {
			isa = PBXHeadersBuildPhase;
			buildActionMask = 2147483647;
			files = (
				D0B3C52E0CF257E800633C82 /* buffio.h in Headers */,
				D0B3C52F0CF257E800633C82 /* fileio.h in Headers */,
				D0B3C5300CF257E800633C82 /* platform.h in Headers */,
				D0B3C5310CF257E800633C82 /* tidy.h in Headers */,
				D0B3C5320CF257E800633C82 /* tidyenum.h in Headers */,
				D0B3C5330CF257E800633C82 /* access.h in Headers */,
				D0B3C5340CF257E800633C82 /* attrs.h in Headers */,
				D0B3C5350CF257E800633C82 /* clean.h in Headers */,
				D0B3C5360CF257E800633C82 /* config.h in Headers */,
				D0B3C5370CF257E800633C82 /* entities.h in Headers */,
				D0B3C5380CF257E800633C82 /* forward.h in Headers */,
				D0B3C5390CF257E800633C82 /* lexer.h in Headers */,
				D0B3C53A0CF257E800633C82 /* message.h in Headers */,
				D0B3C53B0CF257E800633C82 /* parser.h in Headers */,
				D0B3C53C0CF257E800633C82 /* pprint.h in Headers */,
				D0B3C53D0CF257E800633C82 /* streamio.h in Headers */,
				D0B3C53E0CF257E800633C82 /* tags.h in Headers */,
				D0B3C53F0CF257E800633C82 /* tidy-int.h in Headers */,
				D0B3C5400CF257E800633C82 /* tmbstr.h in Headers */,
				D0B3C5410CF257E800633C82 /* utf8.h in Headers */,
				D0B3C5420CF257E800633C82 /* AppController.h in Headers */,
				D0B3C5430CF257E800633C82 /* PreferenceController.h in Headers */,
				D0B3C5440CF257E800633C82 /* BatchController.h in Headers */,
				D0B3C5450CF257E800633C82 /* TreeNode.h in Headers */,
				D0B3C5460CF257E800633C82 /* JSDTidy.h in Headers */,
				D0B3C5470CF257E800633C82 /* TidyDocument.h in Headers */,
				D0B3C5480CF257E800633C82 /* JSDTableColumn.h in Headers */,
				D0B3C5490CF257E800633C82 /* OptionPaneController.h in Headers */,
				D0B3C54A0CF257E800633C82 /* JSDTableView.h in Headers */,
				D0B3C54B0CF257E800633C82 /* JSDTextView.h in Headers */,
			);
			runOnlyForDeploymentPostprocessing = 0;
		};
/* End PBXHeadersBuildPhase section */

/* Begin PBXNativeTarget section */
		D0B3C52C0CF257E800633C82 /* Balthisar Tidy */ = {
			isa = PBXNativeTarget;
			buildConfigurationList = D0B3C57D0CF257E800633C82 /* Build configuration list for PBXNativeTarget "Balthisar Tidy" */;
			buildPhases = (
				D0B3C52D0CF257E800633C82 /* Headers */,
				D0B3C54C0CF257E800633C82 /* Resources */,
				D0B3C55A0CF257E800633C82 /* Sources */,
				D0B3C57B0CF257E800633C82 /* Frameworks */,
			);
			buildRules = (
			);
			dependencies = (
			);
			name = "Balthisar Tidy";
			productInstallPath = "$(HOME)/Applications";
			productName = "Balthisar Tidy";
			productReference = D0B3C5810CF257E800633C82 /* Balthisar Tidy.app */;
			productType = "com.apple.product-type.application";
		};
/* End PBXNativeTarget section */

/* Begin PBXProject section */
		2A37F4A9FDCFA73011CA2CEA /* Project object */ = {
			isa = PBXProject;
			buildConfigurationList = D012CD420CF2403E00194990 /* Build configuration list for PBXProject "Balthisar Tidy" */;
			compatibilityVersion = "Xcode 3.0";
			hasScannedForEncodings = 0;
			mainGroup = 2A37F4AAFDCFA73011CA2CEA /* Balthisar Tidy */;
			projectDirPath = "";
			projectRoot = "";
			targets = (
				D0B3C52C0CF257E800633C82 /* Balthisar Tidy */,
			);
		};
/* End PBXProject section */

/* Begin PBXResourcesBuildPhase section */
		D0B3C54C0CF257E800633C82 /* Resources */ = {
			isa = PBXResourcesBuildPhase;
			buildActionMask = 2147483647;
			files = (
				D0B3C54D0CF257E800633C82 /* MainMenu.nib in Resources */,
				D0B3C54E0CF257E800633C82 /* InfoPlist.strings in Resources */,
				D0B3C54F0CF257E800633C82 /* Batch.nib in Resources */,
				D0B3C5500CF257E800633C82 /* Preferences.nib in Resources */,
				D0B3C5510CF257E800633C82 /* iconbroom.icns in Resources */,
				D0B3C5520CF257E800633C82 /* iconhtm.icns in Resources */,
				D0B3C5530CF257E800633C82 /* iconhtml.icns in Resources */,
				D0B3C5540CF257E800633C82 /* iconphp.icns in Resources */,
				D0B3C5550CF257E800633C82 /* Localizable.strings in Resources */,
				D0B3C5560CF257E800633C82 /* TidyDocument.nib in Resources */,
				D0B3C5570CF257E800633C82 /* optionsInEffect.txt in Resources */,
				D0B3C5580CF257E800633C82 /* OptionPane.nib in Resources */,
				D0B3C5590CF257E800633C82 /* optionsTypesExceptions.txt in Resources */,
				D0B3C5860CF258A800633C82 /* Balthisar Tidy.plist in Resources */,
			);
			runOnlyForDeploymentPostprocessing = 0;
		};
/* End PBXResourcesBuildPhase section */

/* Begin PBXSourcesBuildPhase section */
		D0B3C55A0CF257E800633C82 /* Sources */ = {
			isa = PBXSourcesBuildPhase;
			buildActionMask = 2147483647;
			files = (
				D0B3C55B0CF257E800633C82 /* access.c in Sources */,
				D0B3C55C0CF257E800633C82 /* alloc.c in Sources */,
				D0B3C55D0CF257E800633C82 /* attrask.c in Sources */,
				D0B3C55E0CF257E800633C82 /* attrget.c in Sources */,
				D0B3C55F0CF257E800633C82 /* attrs.c in Sources */,
				D0B3C5600CF257E800633C82 /* buffio.c in Sources */,
				D0B3C5610CF257E800633C82 /* clean.c in Sources */,
				D0B3C5620CF257E800633C82 /* config.c in Sources */,
				D0B3C5630CF257E800633C82 /* entities.c in Sources */,
				D0B3C5640CF257E800633C82 /* fileio.c in Sources */,
				D0B3C5650CF257E800633C82 /* istack.c in Sources */,
				D0B3C5660CF257E800633C82 /* lexer.c in Sources */,
				D0B3C5670CF257E800633C82 /* localize.c in Sources */,
				D0B3C5680CF257E800633C82 /* parser.c in Sources */,
				D0B3C5690CF257E800633C82 /* pprint.c in Sources */,
				D0B3C56A0CF257E800633C82 /* streamio.c in Sources */,
				D0B3C56B0CF257E800633C82 /* tagask.c in Sources */,
				D0B3C56C0CF257E800633C82 /* tags.c in Sources */,
				D0B3C56D0CF257E800633C82 /* tidylib.c in Sources */,
				D0B3C56E0CF257E800633C82 /* tmbstr.c in Sources */,
				D0B3C56F0CF257E800633C82 /* utf8.c in Sources */,
				D0B3C5700CF257E800633C82 /* AppController.m in Sources */,
				D0B3C5710CF257E800633C82 /* PreferenceController.m in Sources */,
				D0B3C5720CF257E800633C82 /* BatchController.m in Sources */,
				D0B3C5730CF257E800633C82 /* TreeNode.m in Sources */,
				D0B3C5740CF257E800633C82 /* JSDTidy.m in Sources */,
				D0B3C5750CF257E800633C82 /* TidyDocument.m in Sources */,
				D0B3C5760CF257E800633C82 /* JSDTableColumn.m in Sources */,
				D0B3C5770CF257E800633C82 /* OptionPaneController.m in Sources */,
				D0B3C5780CF257E800633C82 /* main.m in Sources */,
				D0B3C5790CF257E800633C82 /* JSDTableView.m in Sources */,
				D0B3C57A0CF257E800633C82 /* JSDTextView.m in Sources */,
			);
			runOnlyForDeploymentPostprocessing = 0;
		};
/* End PBXSourcesBuildPhase section */

/* Begin PBXVariantGroup section */
		089C165FFE840EACC02AAC07 /* InfoPlist.strings */ = {
			isa = PBXVariantGroup;
			children = (
				089C1660FE840EACC02AAC07 /* English */,
			);
			name = InfoPlist.strings;
			sourceTree = "<group>";
		};
		2A37F4B6FDCFA73011CA2CEA /* MainMenu.nib */ = {
			isa = PBXVariantGroup;
			children = (
				2A37F4B7FDCFA73011CA2CEA /* English */,
			);
			name = MainMenu.nib;
			sourceTree = "<group>";
		};
		F53C0C0E03DC7F9401A80166 /* TidyDocument.nib */ = {
			isa = PBXVariantGroup;
			children = (
				F53C0C0F03DC7F9401A80166 /* English */,
			);
			name = TidyDocument.nib;
			sourceTree = "<group>";
		};
		F54086D703E47DAE01A80165 /* optionsInEffect.txt */ = {
			isa = PBXVariantGroup;
			children = (
				F54086D803E47DAE01A80165 /* English */,
			);
			name = optionsInEffect.txt;
			sourceTree = "<group>";
		};
		F56A531C0378639001A80165 /* Localizable.strings */ = {
			isa = PBXVariantGroup;
			children = (
				F56A531D0378639001A80165 /* English */,
			);
			name = Localizable.strings;
			sourceTree = "<group>";
		};
		F56B449C03EB3B8E01A80165 /* OptionPane.nib */ = {
			isa = PBXVariantGroup;
			children = (
				F56B449D03EB3B8E01A80165 /* English */,
			);
			name = OptionPane.nib;
			sourceTree = "<group>";
		};
		F589D0DC03EDB68501A80165 /* optionsTypesExceptions.txt */ = {
			isa = PBXVariantGroup;
			children = (
				F589D0DD03EDB68501A80165 /* English */,
			);
			name = optionsTypesExceptions.txt;
			sourceTree = "<group>";
		};
		F5D1B574036AF40C01A80165 /* Batch.nib */ = {
			isa = PBXVariantGroup;
			children = (
				F5D1B575036AF40C01A80165 /* English */,
			);
			name = Batch.nib;
			sourceTree = "<group>";
		};
		F5D1B577036AF44801A80165 /* Preferences.nib */ = {
			isa = PBXVariantGroup;
			children = (
				F5D1B578036AF44801A80165 /* English */,
			);
			name = Preferences.nib;
			sourceTree = "<group>";
		};
/* End PBXVariantGroup section */

/* Begin XCBuildConfiguration section */
		D012CD430CF2403E00194990 /* Development */ = {
			isa = XCBuildConfiguration;
			buildSettings = {
				ARCHS = (
					ppc64,
					ppc7400,
					ppc970,
					i386,
					x86_64,
					ppc,
				);
				SDKROOT = "$(DEVELOPER_SDK_DIR)/MacOSX10.4u.sdk";
			};
			name = Development;
		};
		D012CD440CF2403E00194990 /* Deployment */ = {
			isa = XCBuildConfiguration;
			buildSettings = {
				ARCHS = (
					ppc64,
					ppc7400,
					ppc970,
					i386,
					x86_64,
					ppc,
				);
				SDKROOT = "$(DEVELOPER_SDK_DIR)/MacOSX10.4u.sdk";
				VALID_ARCHS = "ppc64 ppc7400 ppc970 i386 x86_64 ppc";
			};
			name = Deployment;
		};
		D0B3C57E0CF257E800633C82 /* Development */ = {
			isa = XCBuildConfiguration;
			buildSettings = {
				ARCHS = (
					i386,
					ppc,
				);
				COPY_PHASE_STRIP = NO;
				FRAMEWORK_SEARCH_PATHS = "";
				GCC_DYNAMIC_NO_PIC = NO;
				GCC_ENABLE_FIX_AND_CONTINUE = YES;
				GCC_GENERATE_DEBUGGING_SYMBOLS = YES;
				GCC_OPTIMIZATION_LEVEL = 0;
				GCC_SYMBOLS_PRIVATE_EXTERN = NO;
				HEADER_SEARCH_PATHS = "";
				INFOPLIST_FILE = "Balthisar Tidy.plist";
				INSTALL_PATH = "$(HOME)/Applications";
				LIBRARY_SEARCH_PATHS = "";
				OTHER_LDFLAGS = "";
				PRODUCT_NAME = "Balthisar Tidy";
				SECTORDER_FLAGS = "";
				WARNING_CFLAGS = (
					"-Wmost",
					"-Wno-four-char-constants",
					"-Wno-unknown-pragmas",
				);
				WRAPPER_EXTENSION = app;
				ZERO_LINK = YES;
			};
			name = Development;
		};
		D0B3C57F0CF257E800633C82 /* Deployment */ = {
			isa = XCBuildConfiguration;
			buildSettings = {
				ARCHS = (
					i386,
					ppc,
				);
				COPY_PHASE_STRIP = YES;
				FRAMEWORK_SEARCH_PATHS = "";
				GCC_ENABLE_FIX_AND_CONTINUE = NO;
				GCC_SYMBOLS_PRIVATE_EXTERN = NO;
				HEADER_SEARCH_PATHS = "";
				INFOPLIST_FILE = "Balthisar Tidy.plist";
				INSTALL_PATH = "$(HOME)/Applications";
				LIBRARY_SEARCH_PATHS = "";
				OTHER_LDFLAGS = "";
				PRODUCT_NAME = "Balthisar Tidy";
				SECTORDER_FLAGS = "";
				WARNING_CFLAGS = (
					"-Wmost",
					"-Wno-four-char-constants",
					"-Wno-unknown-pragmas",
				);
				WRAPPER_EXTENSION = app;
				ZERO_LINK = NO;
			};
			name = Deployment;
		};
/* End XCBuildConfiguration section */

/* Begin XCConfigurationList section */
		D012CD420CF2403E00194990 /* Build configuration list for PBXProject "Balthisar Tidy" */ = {
			isa = XCConfigurationList;
			buildConfigurations = (
				D012CD430CF2403E00194990 /* Development */,
				D012CD440CF2403E00194990 /* Deployment */,
			);
			defaultConfigurationIsVisible = 0;
			defaultConfigurationName = Development;
		};
		D0B3C57D0CF257E800633C82 /* Build configuration list for PBXNativeTarget "Balthisar Tidy" */ = {
			isa = XCConfigurationList;
			buildConfigurations = (
				D0B3C57E0CF257E800633C82 /* Development */,
				D0B3C57F0CF257E800633C82 /* Deployment */,
			);
			defaultConfigurationIsVisible = 0;
			defaultConfigurationName = Development;
		};
/* End XCConfigurationList section */
	};
	rootObject = 2A37F4A9FDCFA73011CA2CEA /* Project object */;
}
