// !$*UTF8*$!
{
	archiveVersion = 1;
	classes = {
	};
	objectVersion = 38;
	objects = {
		080E96DAFE201CDB7F000001 = {
			fileRef = 2A37F4B6FDCFA73011CA2CEA;
			isa = PBXBuildFile;
			settings = {
			};
		};
		080E96DBFE201CDB7F000001 = {
			fileRef = 2A37F4B4FDCFA73011CA2CEA;
			isa = PBXBuildFile;
			settings = {
			};
		};
		089C165FFE840EACC02AAC07 = {
			children = (
				089C1660FE840EACC02AAC07,
			);
			isa = PBXVariantGroup;
			name = InfoPlist.strings;
			refType = 4;
		};
		089C1660FE840EACC02AAC07 = {
			fileEncoding = 10;
			isa = PBXFileReference;
			name = English;
			path = English.lproj/InfoPlist.strings;
			refType = 4;
		};
		089C1661FE840EACC02AAC07 = {
			fileRef = 089C165FFE840EACC02AAC07;
			isa = PBXBuildFile;
			settings = {
			};
		};
//080
//081
//082
//083
//084
//100
//101
//102
//103
//104
		1058C7A6FEA54F5311CA2CBB = {
			children = (
				1058C7A7FEA54F5311CA2CBB,
			);
			isa = PBXGroup;
			name = "Linked Frameworks";
			refType = 4;
		};
		1058C7A7FEA54F5311CA2CBB = {
			isa = PBXFrameworkReference;
			name = Cocoa.framework;
			path = /System/Library/Frameworks/Cocoa.framework;
			refType = 0;
		};
		1058C7A8FEA54F5311CA2CBB = {
			children = (
				2A37F4C5FDCFA73011CA2CEA,
				2A37F4C4FDCFA73011CA2CEA,
			);
			isa = PBXGroup;
			name = "Other Frameworks";
			refType = 4;
		};
		1058C7A9FEA54F5311CA2CBB = {
			fileRef = 1058C7A7FEA54F5311CA2CBB;
			isa = PBXBuildFile;
			settings = {
			};
		};
//100
//101
//102
//103
//104
//170
//171
//172
//173
//174
		1758732AFF379DA111CA2CBB = {
			isa = PBXApplicationReference;
			path = "Balthisar Tidy.app";
			refType = 3;
		};
//170
//171
//172
//173
//174
//190
//191
//192
//193
//194
		19C28FB0FE9D524F11CA2CBB = {
			children = (
				1758732AFF379DA111CA2CBB,
			);
			isa = PBXGroup;
			name = Products;
			refType = 4;
		};
//190
//191
//192
//193
//194
//2A0
//2A1
//2A2
//2A3
//2A4
		2A37F4A9FDCFA73011CA2CEA = {
			buildStyles = (
				4A9504D0FFE6A4CB11CA0CBA,
				4A9504D1FFE6A4CB11CA0CBA,
			);
			isa = PBXProject;
			mainGroup = 2A37F4AAFDCFA73011CA2CEA;
			projectDirPath = "";
			targets = (
				2A37F4C6FDCFA73011CA2CEA,
			);
		};
		2A37F4AAFDCFA73011CA2CEA = {
			children = (
				2A37F4ABFDCFA73011CA2CEA,
				2A37F4AFFDCFA73011CA2CEA,
				2A37F4B8FDCFA73011CA2CEA,
				2A37F4C3FDCFA73011CA2CEA,
				19C28FB0FE9D524F11CA2CBB,
			);
			isa = PBXGroup;
			name = "Balthisar Tidy";
			path = "";
			refType = 4;
		};
		2A37F4ABFDCFA73011CA2CEA = {
			children = (
				F5BD14FD0368BA4E01A80166,
				F5BD14FE0368BA4E01A80166,
				F5FE7E94037595EB01A80165,
				F5FE7E95037595EB01A80165,
				2A37F4AEFDCFA73011CA2CEA,
				F5BD15110368C33901A80166,
				F5FE7E90037595DC01A80165,
				F5FE7E91037595DC01A80165,
				F5CCB4830364D33301A80165,
				F5CCB4840364D33301A80165,
				F5CEFEC3037B441A01A80166,
				F5CEFEC4037B441A01A80166,
				F5E425A8039A983701A80165,
				F5E425A9039A983701A80165,
			);
			isa = PBXGroup;
			name = Classes;
			path = "";
			refType = 4;
		};
		2A37F4AEFDCFA73011CA2CEA = {
			fileEncoding = 30;
			isa = PBXFileReference;
			name = MyDocument.h;
			path = Classes/MyDocument.h;
			refType = 4;
		};
		2A37F4AFFDCFA73011CA2CEA = {
			children = (
				F5CCB4250364D26D01A80165,
				2A37F4B0FDCFA73011CA2CEA,
			);
			isa = PBXGroup;
			name = "Other Sources";
			path = "";
			refType = 4;
		};
		2A37F4B0FDCFA73011CA2CEA = {
			fileEncoding = 30;
			isa = PBXFileReference;
			path = main.m;
			refType = 4;
		};
		2A37F4B4FDCFA73011CA2CEA = {
			children = (
				2A37F4B5FDCFA73011CA2CEA,
			);
			isa = PBXVariantGroup;
			name = MyDocument.nib;
			path = "";
			refType = 4;
		};
		2A37F4B5FDCFA73011CA2CEA = {
			isa = PBXFileReference;
			name = English;
			path = English.lproj/MyDocument.nib;
			refType = 4;
		};
		2A37F4B6FDCFA73011CA2CEA = {
			children = (
				2A37F4B7FDCFA73011CA2CEA,
			);
			isa = PBXVariantGroup;
			name = MainMenu.nib;
			path = "";
			refType = 4;
		};
		2A37F4B7FDCFA73011CA2CEA = {
			isa = PBXFileReference;
			name = English;
			path = English.lproj/MainMenu.nib;
			refType = 4;
		};
		2A37F4B8FDCFA73011CA2CEA = {
			children = (
				F56A531C0378639001A80165,
				F5FE7EAB03759E8D01A80165,
				F57707310371F19101A80165,
				2A37F4B6FDCFA73011CA2CEA,
				2A37F4B4FDCFA73011CA2CEA,
				F5D1B574036AF40C01A80165,
				F5D1B577036AF44801A80165,
				089C165FFE840EACC02AAC07,
			);
			isa = PBXGroup;
			name = Resources;
			path = "";
			refType = 4;
		};
		2A37F4C3FDCFA73011CA2CEA = {
			children = (
				1058C7A6FEA54F5311CA2CBB,
				1058C7A8FEA54F5311CA2CBB,
			);
			isa = PBXGroup;
			name = Frameworks;
			path = "";
			refType = 4;
		};
		2A37F4C4FDCFA73011CA2CEA = {
			isa = PBXFrameworkReference;
			name = AppKit.framework;
			path = /System/Library/Frameworks/AppKit.framework;
			refType = 0;
		};
		2A37F4C5FDCFA73011CA2CEA = {
			isa = PBXFrameworkReference;
			name = Foundation.framework;
			path = /System/Library/Frameworks/Foundation.framework;
			refType = 0;
		};
		2A37F4C6FDCFA73011CA2CEA = {
			buildPhases = (
				2A37F4C7FDCFA73011CA2CEA,
				2A37F4C9FDCFA73011CA2CEA,
				2A37F4CEFDCFA73011CA2CEA,
				2A37F4D1FDCFA73011CA2CEA,
			);
			buildSettings = {
				FRAMEWORK_SEARCH_PATHS = "";
				HEADER_SEARCH_PATHS = "";
				INSTALL_PATH = "$(HOME)/Applications";
				LIBRARY_SEARCH_PATHS = "";
				OTHER_CFLAGS = "";
				OTHER_LDFLAGS = "";
				PRODUCT_NAME = "Balthisar Tidy";
				SECTORDER_FLAGS = "";
				WARNING_CFLAGS = "-Wmost -Wno-four-char-constants -Wno-unknown-pragmas";
				WRAPPER_EXTENSION = app;
			};
			dependencies = (
			);
			isa = PBXApplicationTarget;
			name = "Balthisar Tidy";
			productInstallPath = "$(HOME)/Applications";
			productName = "Balthisar Tidy";
			productReference = 1758732AFF379DA111CA2CBB;
			productSettingsXML = "<?xml version=\"1.0\" encoding=\"UTF-8\"?>
<!DOCTYPE plist PUBLIC \"-//Apple Computer//DTD PLIST 1.0//EN\" \"http://www.apple.com/DTDs/PropertyList-1.0.dtd\">
<plist version=\"1.0\">
<dict>
	<key>CFBundleDevelopmentRegion</key>
	<string>English</string>
	<key>CFBundleDocumentTypes</key>
	<array>
		<dict>
			<key>CFBundleTypeExtensions</key>
			<array>
				<string>html</string>
				<string>HTML</string>
			</array>
			<key>CFBundleTypeIconFile</key>
			<string>iconhtml</string>
			<key>CFBundleTypeName</key>
			<string>HTML File</string>
			<key>CFBundleTypeOSTypes</key>
			<array>
				<string>TEXT</string>
			</array>
			<key>CFBundleTypeRole</key>
			<string>Editor</string>
			<key>NSDocumentClass</key>
			<string>MyDocument</string>
		</dict>
		<dict>
			<key>CFBundleTypeExtensions</key>
			<array>
				<string>htm</string>
				<string>HTM</string>
			</array>
			<key>CFBundleTypeIconFile</key>
			<string>iconhtm</string>
			<key>CFBundleTypeName</key>
			<string>HTM File (DOS extension)</string>
			<key>CFBundleTypeOSTypes</key>
			<array>
				<string>TEXT</string>
			</array>
			<key>CFBundleTypeRole</key>
			<string>Editor</string>
			<key>NSDocumentClass</key>
			<string>MyDocument</string>
		</dict>
		<dict>
			<key>CFBundleTypeExtensions</key>
			<array>
				<string>php</string>
				<string>PHP</string>
			</array>
			<key>CFBundleTypeIconFile</key>
			<string>iconphp</string>
			<key>CFBundleTypeName</key>
			<string>PHP File (PHP HTML File)</string>
			<key>CFBundleTypeOSTypes</key>
			<array>
				<string>TEXT</string>
			</array>
			<key>CFBundleTypeRole</key>
			<string>Editor</string>
			<key>NSDocumentClass</key>
			<string>MyDocument</string>
		</dict>
	</array>
	<key>CFBundleExecutable</key>
	<string>Balthisar Tidy</string>
	<key>CFBundleGetInfoString</key>
	<string>Balthisar Tidy</string>
	<key>CFBundleHelpBookFolder</key>
	<string>Balthisar Tidy Help</string>
	<key>CFBundleHelpBookName</key>
	<string>Balthisar Tidy Help</string>
	<key>CFBundleIconFile</key>
	<string>iconbroom</string>
	<key>CFBundleIdentifier</key>
	<string>com.balthisar.balthisartidy</string>
	<key>CFBundleInfoDictionaryVersion</key>
	<string>6.0</string>
	<key>CFBundleName</key>
	<string>Balthisar Tidy</string>
	<key>CFBundlePackageType</key>
	<string>APPL</string>
	<key>CFBundleShortVersionString</key>
	<string>v0.1 (0100)</string>
	<key>CFBundleSignature</key>
	<string>WWS2</string>
	<key>CFBundleVersion</key>
	<string>0100</string>
	<key>NSMainNibFile</key>
	<string>MainMenu</string>
	<key>NSPrincipalClass</key>
	<string>NSApplication</string>
</dict>
</plist>
";
			shouldUseHeadermap = 1;
		};
		2A37F4C7FDCFA73011CA2CEA = {
			buildActionMask = 2147483647;
			files = (
				2A37F4C8FDCFA73011CA2CEA,
				F5CCB4580364D26D01A80165,
				F5CCB4590364D26D01A80165,
				F5CCB45A0364D26D01A80165,
				F5CCB45B0364D26D01A80165,
				F5CCB45C0364D26D01A80165,
				F5CCB45E0364D26D01A80165,
				F5CCB4630364D26D01A80165,
				F5CCB4660364D26D01A80165,
				F5CCB4680364D26D01A80165,
				F5CCB46A0364D26D01A80165,
				F5CCB46C0364D26D01A80165,
				F5CCB46F0364D26D01A80165,
				F5CCB4710364D26D01A80165,
				F5CCB4730364D26D01A80165,
				F5CCB4750364D26D01A80165,
				F5CCB4770364D26D01A80165,
				F5CCB47A0364D26D01A80165,
				F5CCB47B0364D26D01A80165,
				F5CCB47E0364D26D01A80165,
				F5CCB4800364D26D01A80165,
				F5CCB4850364D33301A80165,
				F5BD14FF0368BA4E01A80166,
				F5FE7E92037595DC01A80165,
				F5FE7E96037595EB01A80165,
				F5CEFEC5037B441A01A80166,
				F504CED603AFF8E701A80166,
			);
			isa = PBXHeadersBuildPhase;
			runOnlyForDeploymentPostprocessing = 0;
		};
		2A37F4C8FDCFA73011CA2CEA = {
			fileRef = 2A37F4AEFDCFA73011CA2CEA;
			isa = PBXBuildFile;
			settings = {
			};
		};
		2A37F4C9FDCFA73011CA2CEA = {
			buildActionMask = 2147483647;
			files = (
				080E96DAFE201CDB7F000001,
				080E96DBFE201CDB7F000001,
				089C1661FE840EACC02AAC07,
				F5D1B576036AF40C01A80165,
				F5D1B579036AF44801A80165,
				F5BBA0420371F6C401A80165,
				F5BBA0430371F6C401A80165,
				F5BBA0440371F6C401A80165,
				F5BBA0450371F6C401A80165,
				F5FE7EAE03759E8D01A80165,
				F56A531E0378639001A80165,
			);
			isa = PBXResourcesBuildPhase;
			runOnlyForDeploymentPostprocessing = 0;
		};
		2A37F4CEFDCFA73011CA2CEA = {
			buildActionMask = 2147483647;
			files = (
				F5CCB45D0364D26D01A80165,
				F5CCB45F0364D26D01A80165,
				F5CCB4600364D26D01A80165,
				F5CCB4610364D26D01A80165,
				F5CCB4620364D26D01A80165,
				F5CCB4640364D26D01A80165,
				F5CCB4650364D26D01A80165,
				F5CCB4670364D26D01A80165,
				F5CCB4690364D26D01A80165,
				F5CCB46B0364D26D01A80165,
				F5CCB46D0364D26D01A80165,
				F5CCB46E0364D26D01A80165,
				F5CCB4700364D26D01A80165,
				F5CCB4720364D26D01A80165,
				F5CCB4740364D26D01A80165,
				F5CCB4760364D26D01A80165,
				F5CCB4780364D26D01A80165,
				F5CCB4790364D26D01A80165,
				F5CCB47C0364D26D01A80165,
				F5CCB47D0364D26D01A80165,
				F5CCB47F0364D26D01A80165,
				F5CCB4860364D33301A80165,
				F5BD15000368BA4E01A80166,
				F5BD15120368C33901A80166,
				F5FE7E93037595DC01A80165,
				F5FE7E97037595EB01A80165,
				F5CEFEC6037B441A01A80166,
				F561F6B903A6B34B01A80166,
				F504CED703AFF8E801A80166,
			);
			isa = PBXSourcesBuildPhase;
			runOnlyForDeploymentPostprocessing = 0;
		};
		2A37F4D1FDCFA73011CA2CEA = {
			buildActionMask = 2147483647;
			files = (
				1058C7A9FEA54F5311CA2CBB,
			);
			isa = PBXFrameworksBuildPhase;
			runOnlyForDeploymentPostprocessing = 0;
		};
//2A0
//2A1
//2A2
//2A3
//2A4
//4A0
//4A1
//4A2
//4A3
//4A4
		4A9504D0FFE6A4CB11CA0CBA = {
			buildRules = (
			);
			buildSettings = {
				COPY_PHASE_STRIP = NO;
				OPTIMIZATION_CFLAGS = "-O0";
			};
			isa = PBXBuildStyle;
			name = Development;
		};
		4A9504D1FFE6A4CB11CA0CBA = {
			buildRules = (
			);
			buildSettings = {
				COPY_PHASE_STRIP = YES;
			};
			isa = PBXBuildStyle;
			name = Deployment;
		};
//4A0
//4A1
//4A2
//4A3
//4A4
//F50
//F51
//F52
//F53
//F54
		F504CED603AFF8E701A80166 = {
			fileRef = F5E425A8039A983701A80165;
			isa = PBXBuildFile;
			settings = {
			};
		};
		F504CED703AFF8E801A80166 = {
			fileRef = F5E425A9039A983701A80165;
			isa = PBXBuildFile;
			settings = {
			};
		};
		F561F6B903A6B34B01A80166 = {
			fileRef = 2A37F4B0FDCFA73011CA2CEA;
			isa = PBXBuildFile;
			settings = {
			};
		};
		F56A531C0378639001A80165 = {
			children = (
				F56A531D0378639001A80165,
			);
			isa = PBXVariantGroup;
			name = Localizable.strings;
			path = "";
			refType = 4;
		};
		F56A531D0378639001A80165 = {
			fileEncoding = 10;
			isa = PBXFileReference;
			name = English;
			path = English.lproj/Localizable.strings;
			refType = 4;
		};
		F56A531E0378639001A80165 = {
			fileRef = F56A531C0378639001A80165;
			isa = PBXBuildFile;
			settings = {
			};
		};
		F57707310371F19101A80165 = {
			children = (
				F5BBA03E0371F6C401A80165,
				F5BBA03F0371F6C401A80165,
				F5BBA0400371F6C401A80165,
				F5BBA0410371F6C401A80165,
			);
			isa = PBXGroup;
			name = icons;
			refType = 4;
		};
		F5BBA03E0371F6C401A80165 = {
			isa = PBXFileReference;
			name = iconbroom.icns;
			path = "Graphics, Included/iconbroom.icns";
			refType = 4;
		};
		F5BBA03F0371F6C401A80165 = {
			isa = PBXFileReference;
			name = iconhtm.icns;
			path = "Graphics, Included/iconhtm.icns";
			refType = 4;
		};
		F5BBA0400371F6C401A80165 = {
			isa = PBXFileReference;
			name = iconhtml.icns;
			path = "Graphics, Included/iconhtml.icns";
			refType = 4;
		};
		F5BBA0410371F6C401A80165 = {
			isa = PBXFileReference;
			name = iconphp.icns;
			path = "Graphics, Included/iconphp.icns";
			refType = 4;
		};
		F5BBA0420371F6C401A80165 = {
			fileRef = F5BBA03E0371F6C401A80165;
			isa = PBXBuildFile;
			settings = {
			};
		};
		F5BBA0430371F6C401A80165 = {
			fileRef = F5BBA03F0371F6C401A80165;
			isa = PBXBuildFile;
			settings = {
			};
		};
		F5BBA0440371F6C401A80165 = {
			fileRef = F5BBA0400371F6C401A80165;
			isa = PBXBuildFile;
			settings = {
			};
		};
		F5BBA0450371F6C401A80165 = {
			fileRef = F5BBA0410371F6C401A80165;
			isa = PBXBuildFile;
			settings = {
			};
		};
		F5BD14FD0368BA4E01A80166 = {
			isa = PBXFileReference;
			name = AppController.h;
			path = Classes/AppController.h;
			refType = 4;
		};
		F5BD14FE0368BA4E01A80166 = {
			isa = PBXFileReference;
			name = AppController.m;
			path = Classes/AppController.m;
			refType = 4;
		};
		F5BD14FF0368BA4E01A80166 = {
			fileRef = F5BD14FD0368BA4E01A80166;
			isa = PBXBuildFile;
			settings = {
			};
		};
		F5BD15000368BA4E01A80166 = {
			fileRef = F5BD14FE0368BA4E01A80166;
			isa = PBXBuildFile;
			settings = {
			};
		};
		F5BD15110368C33901A80166 = {
			isa = PBXFileReference;
			name = MyDocument.m;
			path = Classes/MyDocument.m;
			refType = 4;
		};
		F5BD15120368C33901A80166 = {
			fileRef = F5BD15110368C33901A80166;
			isa = PBXBuildFile;
			settings = {
			};
		};
		F5CCB4250364D26D01A80165 = {
			children = (
				F5CCB4270364D26D01A80165,
				F5CCB42A0364D26D01A80165,
				F5CCB4300364D26D01A80165,
			);
			isa = PBXGroup;
			path = "tidylib-src";
			refType = 4;
		};
		F5CCB4270364D26D01A80165 = {
			children = (
				F5CCB4280364D26D01A80165,
				F5CCB4290364D26D01A80165,
			);
			isa = PBXGroup;
			path = console;
			refType = 4;
		};
		F5CCB4280364D26D01A80165 = {
			isa = PBXFileReference;
			path = tab2space.c;
			refType = 4;
		};
		F5CCB4290364D26D01A80165 = {
			isa = PBXFileReference;
			path = tidy.c;
			refType = 4;
		};
		F5CCB42A0364D26D01A80165 = {
			children = (
				F5CCB42B0364D26D01A80165,
				F5CCB42C0364D26D01A80165,
				F5CCB42D0364D26D01A80165,
				F5CCB42E0364D26D01A80165,
				F5CCB42F0364D26D01A80165,
			);
			isa = PBXGroup;
			path = include;
			refType = 4;
		};
		F5CCB42B0364D26D01A80165 = {
			isa = PBXFileReference;
			path = buffio.h;
			refType = 4;
		};
		F5CCB42C0364D26D01A80165 = {
			isa = PBXFileReference;
			path = fileio.h;
			refType = 4;
		};
		F5CCB42D0364D26D01A80165 = {
			isa = PBXFileReference;
			path = platform.h;
			refType = 4;
		};
		F5CCB42E0364D26D01A80165 = {
			isa = PBXFileReference;
			path = tidy.h;
			refType = 4;
		};
		F5CCB42F0364D26D01A80165 = {
			isa = PBXFileReference;
			path = tidyenum.h;
			refType = 4;
		};
		F5CCB4300364D26D01A80165 = {
			children = (
				F5CCB4310364D26D01A80165,
				F5CCB4320364D26D01A80165,
				F5CCB4330364D26D01A80165,
				F5CCB4340364D26D01A80165,
				F5CCB4350364D26D01A80165,
				F5CCB4360364D26D01A80165,
				F5CCB4370364D26D01A80165,
				F5CCB4380364D26D01A80165,
				F5CCB4390364D26D01A80165,
				F5CCB43A0364D26D01A80165,
				F5CCB43B0364D26D01A80165,
				F5CCB43C0364D26D01A80165,
				F5CCB43D0364D26D01A80165,
				F5CCB43E0364D26D01A80165,
				F5CCB43F0364D26D01A80165,
				F5CCB4400364D26D01A80165,
				F5CCB4410364D26D01A80165,
				F5CCB4420364D26D01A80165,
				F5CCB4430364D26D01A80165,
				F5CCB4440364D26D01A80165,
				F5CCB4450364D26D01A80165,
				F5CCB4460364D26D01A80165,
				F5CCB4470364D26D01A80165,
				F5CCB4480364D26D01A80165,
				F5CCB4490364D26D01A80165,
				F5CCB44A0364D26D01A80165,
				F5CCB44B0364D26D01A80165,
				F5CCB44C0364D26D01A80165,
				F5CCB44D0364D26D01A80165,
				F5CCB44E0364D26D01A80165,
				F5CCB44F0364D26D01A80165,
				F5CCB4500364D26D01A80165,
				F5CCB4510364D26D01A80165,
				F5CCB4520364D26D01A80165,
				F5CCB4530364D26D01A80165,
				F5CCB4540364D26D01A80165,
			);
			isa = PBXGroup;
			path = src;
			refType = 4;
		};
		F5CCB4310364D26D01A80165 = {
			isa = PBXFileReference;
			path = access.c;
			refType = 4;
		};
		F5CCB4320364D26D01A80165 = {
			isa = PBXFileReference;
			path = access.h;
			refType = 4;
		};
		F5CCB4330364D26D01A80165 = {
			isa = PBXFileReference;
			path = alloc.c;
			refType = 4;
		};
		F5CCB4340364D26D01A80165 = {
			isa = PBXFileReference;
			path = attrask.c;
			refType = 4;
		};
		F5CCB4350364D26D01A80165 = {
			isa = PBXFileReference;
			path = attrget.c;
			refType = 4;
		};
		F5CCB4360364D26D01A80165 = {
			isa = PBXFileReference;
			path = attrs.c;
			refType = 4;
		};
		F5CCB4370364D26D01A80165 = {
			isa = PBXFileReference;
			path = attrs.h;
			refType = 4;
		};
		F5CCB4380364D26D01A80165 = {
			isa = PBXFileReference;
			path = buffio.c;
			refType = 4;
		};
		F5CCB4390364D26D01A80165 = {
			isa = PBXFileReference;
			path = clean.c;
			refType = 4;
		};
		F5CCB43A0364D26D01A80165 = {
			isa = PBXFileReference;
			path = clean.h;
			refType = 4;
		};
		F5CCB43B0364D26D01A80165 = {
			isa = PBXFileReference;
			path = config.c;
			refType = 4;
		};
		F5CCB43C0364D26D01A80165 = {
			isa = PBXFileReference;
			path = config.h;
			refType = 4;
		};
		F5CCB43D0364D26D01A80165 = {
			isa = PBXFileReference;
			path = entities.c;
			refType = 4;
		};
		F5CCB43E0364D26D01A80165 = {
			isa = PBXFileReference;
			path = entities.h;
			refType = 4;
		};
		F5CCB43F0364D26D01A80165 = {
			isa = PBXFileReference;
			path = fileio.c;
			refType = 4;
		};
		F5CCB4400364D26D01A80165 = {
			isa = PBXFileReference;
			path = forward.h;
			refType = 4;
		};
		F5CCB4410364D26D01A80165 = {
			isa = PBXFileReference;
			path = istack.c;
			refType = 4;
		};
		F5CCB4420364D26D01A80165 = {
			isa = PBXFileReference;
			path = lexer.c;
			refType = 4;
		};
		F5CCB4430364D26D01A80165 = {
			isa = PBXFileReference;
			path = lexer.h;
			refType = 4;
		};
		F5CCB4440364D26D01A80165 = {
			isa = PBXFileReference;
			path = localize.c;
			refType = 4;
		};
		F5CCB4450364D26D01A80165 = {
			isa = PBXFileReference;
			path = message.h;
			refType = 4;
		};
		F5CCB4460364D26D01A80165 = {
			isa = PBXFileReference;
			path = parser.c;
			refType = 4;
		};
		F5CCB4470364D26D01A80165 = {
			isa = PBXFileReference;
			path = parser.h;
			refType = 4;
		};
		F5CCB4480364D26D01A80165 = {
			isa = PBXFileReference;
			path = pprint.c;
			refType = 4;
		};
		F5CCB4490364D26D01A80165 = {
			isa = PBXFileReference;
			path = pprint.h;
			refType = 4;
		};
		F5CCB44A0364D26D01A80165 = {
			isa = PBXFileReference;
			path = streamio.c;
			refType = 4;
		};
		F5CCB44B0364D26D01A80165 = {
			isa = PBXFileReference;
			path = streamio.h;
			refType = 4;
		};
		F5CCB44C0364D26D01A80165 = {
			isa = PBXFileReference;
			path = tagask.c;
			refType = 4;
		};
		F5CCB44D0364D26D01A80165 = {
			isa = PBXFileReference;
			path = tags.c;
			refType = 4;
		};
		F5CCB44E0364D26D01A80165 = {
			isa = PBXFileReference;
			path = tags.h;
			refType = 4;
		};
		F5CCB44F0364D26D01A80165 = {
			isa = PBXFileReference;
			path = "tidy-int.h";
			refType = 4;
		};
		F5CCB4500364D26D01A80165 = {
			isa = PBXFileReference;
			path = tidylib.c;
			refType = 4;
		};
		F5CCB4510364D26D01A80165 = {
			isa = PBXFileReference;
			path = tmbstr.c;
			refType = 4;
		};
		F5CCB4520364D26D01A80165 = {
			isa = PBXFileReference;
			path = tmbstr.h;
			refType = 4;
		};
		F5CCB4530364D26D01A80165 = {
			isa = PBXFileReference;
			path = utf8.c;
			refType = 4;
		};
		F5CCB4540364D26D01A80165 = {
			isa = PBXFileReference;
			path = utf8.h;
			refType = 4;
		};
		F5CCB4580364D26D01A80165 = {
			fileRef = F5CCB42B0364D26D01A80165;
			isa = PBXBuildFile;
			settings = {
			};
		};
		F5CCB4590364D26D01A80165 = {
			fileRef = F5CCB42C0364D26D01A80165;
			isa = PBXBuildFile;
			settings = {
			};
		};
		F5CCB45A0364D26D01A80165 = {
			fileRef = F5CCB42D0364D26D01A80165;
			isa = PBXBuildFile;
			settings = {
			};
		};
		F5CCB45B0364D26D01A80165 = {
			fileRef = F5CCB42E0364D26D01A80165;
			isa = PBXBuildFile;
			settings = {
			};
		};
		F5CCB45C0364D26D01A80165 = {
			fileRef = F5CCB42F0364D26D01A80165;
			isa = PBXBuildFile;
			settings = {
			};
		};
		F5CCB45D0364D26D01A80165 = {
			fileRef = F5CCB4310364D26D01A80165;
			isa = PBXBuildFile;
			settings = {
			};
		};
		F5CCB45E0364D26D01A80165 = {
			fileRef = F5CCB4320364D26D01A80165;
			isa = PBXBuildFile;
			settings = {
			};
		};
		F5CCB45F0364D26D01A80165 = {
			fileRef = F5CCB4330364D26D01A80165;
			isa = PBXBuildFile;
			settings = {
			};
		};
		F5CCB4600364D26D01A80165 = {
			fileRef = F5CCB4340364D26D01A80165;
			isa = PBXBuildFile;
			settings = {
			};
		};
		F5CCB4610364D26D01A80165 = {
			fileRef = F5CCB4350364D26D01A80165;
			isa = PBXBuildFile;
			settings = {
			};
		};
		F5CCB4620364D26D01A80165 = {
			fileRef = F5CCB4360364D26D01A80165;
			isa = PBXBuildFile;
			settings = {
			};
		};
		F5CCB4630364D26D01A80165 = {
			fileRef = F5CCB4370364D26D01A80165;
			isa = PBXBuildFile;
			settings = {
			};
		};
		F5CCB4640364D26D01A80165 = {
			fileRef = F5CCB4380364D26D01A80165;
			isa = PBXBuildFile;
			settings = {
			};
		};
		F5CCB4650364D26D01A80165 = {
			fileRef = F5CCB4390364D26D01A80165;
			isa = PBXBuildFile;
			settings = {
			};
		};
		F5CCB4660364D26D01A80165 = {
			fileRef = F5CCB43A0364D26D01A80165;
			isa = PBXBuildFile;
			settings = {
			};
		};
		F5CCB4670364D26D01A80165 = {
			fileRef = F5CCB43B0364D26D01A80165;
			isa = PBXBuildFile;
			settings = {
			};
		};
		F5CCB4680364D26D01A80165 = {
			fileRef = F5CCB43C0364D26D01A80165;
			isa = PBXBuildFile;
			settings = {
			};
		};
		F5CCB4690364D26D01A80165 = {
			fileRef = F5CCB43D0364D26D01A80165;
			isa = PBXBuildFile;
			settings = {
			};
		};
		F5CCB46A0364D26D01A80165 = {
			fileRef = F5CCB43E0364D26D01A80165;
			isa = PBXBuildFile;
			settings = {
			};
		};
		F5CCB46B0364D26D01A80165 = {
			fileRef = F5CCB43F0364D26D01A80165;
			isa = PBXBuildFile;
			settings = {
			};
		};
		F5CCB46C0364D26D01A80165 = {
			fileRef = F5CCB4400364D26D01A80165;
			isa = PBXBuildFile;
			settings = {
			};
		};
		F5CCB46D0364D26D01A80165 = {
			fileRef = F5CCB4410364D26D01A80165;
			isa = PBXBuildFile;
			settings = {
			};
		};
		F5CCB46E0364D26D01A80165 = {
			fileRef = F5CCB4420364D26D01A80165;
			isa = PBXBuildFile;
			settings = {
			};
		};
		F5CCB46F0364D26D01A80165 = {
			fileRef = F5CCB4430364D26D01A80165;
			isa = PBXBuildFile;
			settings = {
			};
		};
		F5CCB4700364D26D01A80165 = {
			fileRef = F5CCB4440364D26D01A80165;
			isa = PBXBuildFile;
			settings = {
			};
		};
		F5CCB4710364D26D01A80165 = {
			fileRef = F5CCB4450364D26D01A80165;
			isa = PBXBuildFile;
			settings = {
			};
		};
		F5CCB4720364D26D01A80165 = {
			fileRef = F5CCB4460364D26D01A80165;
			isa = PBXBuildFile;
			settings = {
			};
		};
		F5CCB4730364D26D01A80165 = {
			fileRef = F5CCB4470364D26D01A80165;
			isa = PBXBuildFile;
			settings = {
			};
		};
		F5CCB4740364D26D01A80165 = {
			fileRef = F5CCB4480364D26D01A80165;
			isa = PBXBuildFile;
			settings = {
			};
		};
		F5CCB4750364D26D01A80165 = {
			fileRef = F5CCB4490364D26D01A80165;
			isa = PBXBuildFile;
			settings = {
			};
		};
		F5CCB4760364D26D01A80165 = {
			fileRef = F5CCB44A0364D26D01A80165;
			isa = PBXBuildFile;
			settings = {
			};
		};
		F5CCB4770364D26D01A80165 = {
			fileRef = F5CCB44B0364D26D01A80165;
			isa = PBXBuildFile;
			settings = {
			};
		};
		F5CCB4780364D26D01A80165 = {
			fileRef = F5CCB44C0364D26D01A80165;
			isa = PBXBuildFile;
			settings = {
			};
		};
		F5CCB4790364D26D01A80165 = {
			fileRef = F5CCB44D0364D26D01A80165;
			isa = PBXBuildFile;
			settings = {
			};
		};
		F5CCB47A0364D26D01A80165 = {
			fileRef = F5CCB44E0364D26D01A80165;
			isa = PBXBuildFile;
			settings = {
			};
		};
		F5CCB47B0364D26D01A80165 = {
			fileRef = F5CCB44F0364D26D01A80165;
			isa = PBXBuildFile;
			settings = {
			};
		};
		F5CCB47C0364D26D01A80165 = {
			fileRef = F5CCB4500364D26D01A80165;
			isa = PBXBuildFile;
			settings = {
			};
		};
		F5CCB47D0364D26D01A80165 = {
			fileRef = F5CCB4510364D26D01A80165;
			isa = PBXBuildFile;
			settings = {
			};
		};
		F5CCB47E0364D26D01A80165 = {
			fileRef = F5CCB4520364D26D01A80165;
			isa = PBXBuildFile;
			settings = {
			};
		};
		F5CCB47F0364D26D01A80165 = {
			fileRef = F5CCB4530364D26D01A80165;
			isa = PBXBuildFile;
			settings = {
			};
		};
		F5CCB4800364D26D01A80165 = {
			fileRef = F5CCB4540364D26D01A80165;
			isa = PBXBuildFile;
			settings = {
			};
		};
		F5CCB4830364D33301A80165 = {
			isa = PBXFileReference;
			name = CocoaTidy.h;
			path = Classes/CocoaTidy.h;
			refType = 4;
		};
		F5CCB4840364D33301A80165 = {
			isa = PBXFileReference;
			name = CocoaTidy.m;
			path = Classes/CocoaTidy.m;
			refType = 4;
		};
		F5CCB4850364D33301A80165 = {
			fileRef = F5CCB4830364D33301A80165;
			isa = PBXBuildFile;
			settings = {
			};
		};
		F5CCB4860364D33301A80165 = {
			fileRef = F5CCB4840364D33301A80165;
			isa = PBXBuildFile;
			settings = {
			};
		};
		F5CEFEC3037B441A01A80166 = {
			isa = PBXFileReference;
			name = TreeNode.h;
			path = Classes/TreeNode.h;
			refType = 4;
		};
		F5CEFEC4037B441A01A80166 = {
			isa = PBXFileReference;
			name = TreeNode.m;
			path = Classes/TreeNode.m;
			refType = 4;
		};
		F5CEFEC5037B441A01A80166 = {
			fileRef = F5CEFEC3037B441A01A80166;
			isa = PBXBuildFile;
			settings = {
			};
		};
		F5CEFEC6037B441A01A80166 = {
			fileRef = F5CEFEC4037B441A01A80166;
			isa = PBXBuildFile;
			settings = {
			};
		};
		F5D1B574036AF40C01A80165 = {
			children = (
				F5D1B575036AF40C01A80165,
			);
			isa = PBXVariantGroup;
			name = Batch.nib;
			path = "";
			refType = 4;
		};
		F5D1B575036AF40C01A80165 = {
			isa = PBXFileReference;
			name = English;
			path = English.lproj/Batch.nib;
			refType = 4;
		};
		F5D1B576036AF40C01A80165 = {
			fileRef = F5D1B574036AF40C01A80165;
			isa = PBXBuildFile;
			settings = {
			};
		};
		F5D1B577036AF44801A80165 = {
			children = (
				F5D1B578036AF44801A80165,
			);
			isa = PBXVariantGroup;
			name = Preferences.nib;
			path = "";
			refType = 4;
		};
		F5D1B578036AF44801A80165 = {
			isa = PBXFileReference;
			name = English;
			path = English.lproj/Preferences.nib;
			refType = 4;
		};
		F5D1B579036AF44801A80165 = {
			fileRef = F5D1B577036AF44801A80165;
			isa = PBXBuildFile;
			settings = {
			};
		};
		F5E425A8039A983701A80165 = {
			isa = PBXFileReference;
			name = JSDTidy.h;
			path = Classes/JSDTidy.h;
			refType = 4;
		};
		F5E425A9039A983701A80165 = {
			isa = PBXFileReference;
			name = JSDTidy.m;
			path = Classes/JSDTidy.m;
			refType = 4;
		};
		F5FE7E90037595DC01A80165 = {
			isa = PBXFileReference;
			name = PreferenceController.h;
			path = Classes/PreferenceController.h;
			refType = 4;
		};
		F5FE7E91037595DC01A80165 = {
			isa = PBXFileReference;
			name = PreferenceController.m;
			path = Classes/PreferenceController.m;
			refType = 4;
		};
		F5FE7E92037595DC01A80165 = {
			fileRef = F5FE7E90037595DC01A80165;
			isa = PBXBuildFile;
			settings = {
			};
		};
		F5FE7E93037595DC01A80165 = {
			fileRef = F5FE7E91037595DC01A80165;
			isa = PBXBuildFile;
			settings = {
			};
		};
		F5FE7E94037595EB01A80165 = {
			isa = PBXFileReference;
			name = BatchController.h;
			path = Classes/BatchController.h;
			refType = 4;
		};
		F5FE7E95037595EB01A80165 = {
			isa = PBXFileReference;
			name = BatchController.m;
			path = Classes/BatchController.m;
			refType = 4;
		};
		F5FE7E96037595EB01A80165 = {
			fileRef = F5FE7E94037595EB01A80165;
			isa = PBXBuildFile;
			settings = {
			};
		};
		F5FE7E97037595EB01A80165 = {
			fileRef = F5FE7E95037595EB01A80165;
			isa = PBXBuildFile;
			settings = {
			};
		};
		F5FE7EAB03759E8D01A80165 = {
			includeInIndex = 1;
			isa = PBXFolderReference;
			name = "Balthisar Tidy Help";
			path = "/Users/jderry/Development/Balthisar Tidy Help folder/Balthisar Tidy Help";
			refType = 0;
		};
		F5FE7EAE03759E8D01A80165 = {
			fileRef = F5FE7EAB03759E8D01A80165;
			isa = PBXBuildFile;
			settings = {
			};
		};
	};
	rootObject = 2A37F4A9FDCFA73011CA2CEA;
}
